{
  "version": 4,
  "terraform_version": "1.3.6",
  "serial": 176,
  "lineage": "fa5ec85c-c9cc-09b7-035a-b8e0b8cdbb50",
  "outputs": {},
  "resources": [
    {
      "mode": "managed",
      "type": "aws_dynamodb_table",
      "name": "terraform_locks",
      "provider": "provider[\"registry.terraform.io/hashicorp/aws\"]",
      "instances": [
        {
          "schema_version": 1,
          "attributes": {
            "arn": "arn:aws:dynamodb:us-east-1:847322602513:table/terraform-locks",
            "attribute": [
              {
                "name": "LockID",
                "type": "S"
              }
            ],
            "billing_mode": "PAY_PER_REQUEST",
            "global_secondary_index": [],
            "hash_key": "LockID",
            "id": "terraform-locks",
            "local_secondary_index": [],
            "name": "terraform-locks",
            "point_in_time_recovery": [
              {
                "enabled": false
              }
            ],
            "range_key": null,
            "read_capacity": 0,
            "replica": [],
            "restore_date_time": null,
            "restore_source_name": null,
            "restore_to_latest_time": null,
            "server_side_encryption": [],
            "stream_arn": "",
            "stream_enabled": false,
            "stream_label": "",
            "stream_view_type": "",
            "table_class": "",
            "tags": null,
            "tags_all": {},
            "timeouts": null,
            "ttl": [
              {
                "attribute_name": "",
                "enabled": false
              }
            ],
            "write_capacity": 0
          },
          "sensitive_attributes": [],
          "private": "eyJlMmJmYjczMC1lY2FhLTExZTYtOGY4OC0zNDM2M2JjN2M0YzAiOnsiY3JlYXRlIjoxODAwMDAwMDAwMDAwLCJkZWxldGUiOjYwMDAwMDAwMDAwMCwidXBkYXRlIjozNjAwMDAwMDAwMDAwfSwic2NoZW1hX3ZlcnNpb24iOiIxIn0="
        }
      ]
    },
    {
      "mode": "managed",
      "type": "aws_s3_bucket",
      "name": "terraform-state",
      "provider": "provider[\"registry.terraform.io/hashicorp/aws\"]",
      "instances": [
        {
          "schema_version": 0,
          "attributes": {
            "acceleration_status": "",
            "acl": null,
            "arn": "arn:aws:s3:::opeyemi-dev-terraform-bucket",
            "bucket": "opeyemi-dev-terraform-bucket",
            "bucket_domain_name": "opeyemi-dev-terraform-bucket.s3.amazonaws.com",
            "bucket_prefix": null,
            "bucket_regional_domain_name": "opeyemi-dev-terraform-bucket.s3.amazonaws.com",
            "cors_rule": [],
            "force_destroy": true,
            "grant": [
              {
                "id": "f1d9e1396bbe587bbb9bed503a71b543c987a5fee50b8259e326e83003a677c9",
                "permissions": [
                  "FULL_CONTROL"
                ],
                "type": "CanonicalUser",
                "uri": ""
              }
            ],
            "hosted_zone_id": "Z3AQBSTGFYJSTF",
            "id": "opeyemi-dev-terraform-bucket",
            "lifecycle_rule": [],
            "logging": [],
            "object_lock_configuration": [],
            "object_lock_enabled": false,
            "policy": "",
            "region": "us-east-1",
            "replication_configuration": [],
            "request_payer": "BucketOwner",
            "server_side_encryption_configuration": [],
            "tags": null,
            "tags_all": {},
            "timeouts": null,
            "versioning": [
              {
                "enabled": false,
                "mfa_delete": false
              }
            ],
            "website": [],
            "website_domain": null,
            "website_endpoint": null
          },
          "sensitive_attributes": [],
          "private": "eyJlMmJmYjczMC1lY2FhLTExZTYtOGY4OC0zNDM2M2JjN2M0YzAiOnsiY3JlYXRlIjoxMjAwMDAwMDAwMDAwLCJkZWxldGUiOjM2MDAwMDAwMDAwMDAsInJlYWQiOjEyMDAwMDAwMDAwMDAsInVwZGF0ZSI6MTIwMDAwMDAwMDAwMH19"
        }
      ]
    },
    {
      "mode": "managed",
      "type": "aws_s3_bucket_server_side_encryption_configuration",
      "name": "first",
      "provider": "provider[\"registry.terraform.io/hashicorp/aws\"]",
      "instances": [
        {
          "schema_version": 0,
          "attributes": {
            "bucket": "opeyemi-dev-terraform-bucket",
            "expected_bucket_owner": "",
            "id": "opeyemi-dev-terraform-bucket",
            "rule": [
              {
                "apply_server_side_encryption_by_default": [
                  {
                    "kms_master_key_id": "",
                    "sse_algorithm": "AES256"
                  }
                ],
                "bucket_key_enabled": null
              }
            ]
          },
          "sensitive_attributes": [],
          "private": "bnVsbA==",
          "dependencies": [
            "aws_s3_bucket.terraform-state"
          ]
        }
      ]
    },
    {
      "mode": "managed",
      "type": "aws_s3_bucket_versioning",
      "name": "version",
      "provider": "provider[\"registry.terraform.io/hashicorp/aws\"]",
      "instances": [
        {
          "schema_version": 0,
          "attributes": {
            "bucket": "opeyemi-dev-terraform-bucket",
            "expected_bucket_owner": "",
            "id": "opeyemi-dev-terraform-bucket",
            "mfa": null,
            "versioning_configuration": [
              {
                "mfa_delete": "",
                "status": "Enabled"
              }
            ]
          },
          "sensitive_attributes": [],
          "private": "bnVsbA==",
          "dependencies": [
            "aws_s3_bucket.terraform-state"
          ]
        }
      ]
    },
    {
      "module": "module.ALB",
      "mode": "data",
      "type": "aws_route53_zone",
      "name": "lamislick",
      "provider": "provider[\"registry.terraform.io/hashicorp/aws\"]",
      "instances": [
        {
          "schema_version": 0,
          "attributes": {
            "arn": "arn:aws:route53:::hostedzone/Z01935311OS16EULW63AB",
            "caller_reference": "RISWorkflow-RD:bc7a6734-8264-4225-83f8-2b07e49537b9",
            "comment": "HostedZone created by Route53 Registrar",
            "id": "Z01935311OS16EULW63AB",
            "linked_service_description": null,
            "linked_service_principal": null,
            "name": "lamislick.click",
            "name_servers": [
              "ns-1009.awsdns-62.net",
              "ns-472.awsdns-59.com",
              "ns-1766.awsdns-28.co.uk",
              "ns-1348.awsdns-40.org"
            ],
            "primary_name_server": "ns-1009.awsdns-62.net",
            "private_zone": false,
            "resource_record_set_count": 2,
            "tags": {},
            "vpc_id": null,
            "zone_id": "Z01935311OS16EULW63AB"
          },
          "sensitive_attributes": []
        }
      ]
    },
    {
      "module": "module.ALB",
      "mode": "managed",
      "type": "aws_acm_certificate",
      "name": "lamislick",
      "provider": "provider[\"registry.terraform.io/hashicorp/aws\"]",
      "instances": [
        {
          "schema_version": 0,
          "attributes": {
            "arn": "arn:aws:acm:us-east-1:847322602513:certificate/ba37638f-60e9-443a-8e8e-b8c74bc75d34",
            "certificate_authority_arn": "",
            "certificate_body": null,
            "certificate_chain": null,
            "domain_name": "*.lamislick.click",
            "domain_validation_options": [
              {
                "domain_name": "*.lamislick.click",
                "resource_record_name": "_503b4b3f75a73f41d25fa5fb1601283b.lamislick.click.",
                "resource_record_type": "CNAME",
                "resource_record_value": "_0eaeecfdce505c9448bc735e3ecbd1f5.crxktfrmng.acm-validations.aws."
              }
            ],
            "early_renewal_duration": "",
            "id": "arn:aws:acm:us-east-1:847322602513:certificate/ba37638f-60e9-443a-8e8e-b8c74bc75d34",
            "key_algorithm": "RSA_2048",
            "not_after": "",
            "not_before": "",
            "options": [
              {
                "certificate_transparency_logging_preference": "ENABLED"
              }
            ],
            "pending_renewal": false,
            "private_key": null,
            "renewal_eligibility": "INELIGIBLE",
            "renewal_summary": [],
            "status": "PENDING_VALIDATION",
            "subject_alternative_names": [
              "*.lamislick.click"
            ],
            "tags": null,
            "tags_all": {},
            "type": "AMAZON_ISSUED",
            "validation_emails": [],
            "validation_method": "DNS",
            "validation_option": []
          },
          "sensitive_attributes": [],
          "private": "bnVsbA=="
        }
      ]
    },
    {
      "module": "module.ALB",
      "mode": "managed",
      "type": "aws_acm_certificate_validation",
      "name": "lamislick",
      "provider": "provider[\"registry.terraform.io/hashicorp/aws\"]",
      "instances": [
        {
          "schema_version": 0,
          "attributes": {
            "certificate_arn": "arn:aws:acm:us-east-1:847322602513:certificate/ba37638f-60e9-443a-8e8e-b8c74bc75d34",
            "id": "2022-12-24 10:42:58.353 +0000 UTC",
            "timeouts": null,
            "validation_record_fqdns": [
              "_503b4b3f75a73f41d25fa5fb1601283b.lamislick.click"
            ]
          },
          "sensitive_attributes": [],
          "private": "eyJlMmJmYjczMC1lY2FhLTExZTYtOGY4OC0zNDM2M2JjN2M0YzAiOnsiY3JlYXRlIjo0NTAwMDAwMDAwMDAwfX0=",
          "dependencies": [
            "module.ALB.aws_acm_certificate.lamislick",
            "module.ALB.aws_route53_record.lamislick",
            "module.ALB.data.aws_route53_zone.lamislick"
          ]
        }
      ]
    },
    {
      "module": "module.ALB",
      "mode": "managed",
      "type": "aws_lb",
      "name": "ext-alb",
      "provider": "provider[\"registry.terraform.io/hashicorp/aws\"]",
      "instances": [
        {
          "schema_version": 0,
          "attributes": {
            "access_logs": [
              {
                "bucket": "",
                "enabled": false,
                "prefix": ""
              }
            ],
            "arn": "arn:aws:elasticloadbalancing:us-east-1:847322602513:loadbalancer/app/ACS-ext-alb/cc99f4153be778c9",
            "arn_suffix": "app/ACS-ext-alb/cc99f4153be778c9",
            "customer_owned_ipv4_pool": "",
            "desync_mitigation_mode": "defensive",
            "dns_name": "ACS-ext-alb-1131964746.us-east-1.elb.amazonaws.com",
            "drop_invalid_header_fields": false,
            "enable_cross_zone_load_balancing": true,
            "enable_deletion_protection": false,
            "enable_http2": true,
            "enable_waf_fail_open": false,
            "id": "arn:aws:elasticloadbalancing:us-east-1:847322602513:loadbalancer/app/ACS-ext-alb/cc99f4153be778c9",
            "idle_timeout": 60,
            "internal": false,
            "ip_address_type": "ipv4",
            "load_balancer_type": "application",
            "name": "ACS-ext-alb",
            "name_prefix": null,
            "preserve_host_header": false,
            "security_groups": [
              "sg-013cbc40e51c55c8e"
            ],
            "subnet_mapping": [
              {
                "allocation_id": "",
                "ipv6_address": "",
                "outpost_id": "",
                "private_ipv4_address": "",
                "subnet_id": "subnet-03081dc7285feac78"
              },
              {
                "allocation_id": "",
                "ipv6_address": "",
                "outpost_id": "",
                "private_ipv4_address": "",
                "subnet_id": "subnet-0328d3015dc178e01"
              }
            ],
            "subnets": [
              "subnet-03081dc7285feac78",
              "subnet-0328d3015dc178e01"
            ],
            "tags": {
              "Name": "ACS-ext-alb"
            },
            "tags_all": {
              "Name": "ACS-ext-alb"
            },
            "timeouts": null,
            "vpc_id": "vpc-0604f8b4ac2e1dce7",
            "zone_id": "Z35SXDOTRQ7X7K"
          },
          "sensitive_attributes": [],
          "private": "eyJlMmJmYjczMC1lY2FhLTExZTYtOGY4OC0zNDM2M2JjN2M0YzAiOnsiY3JlYXRlIjo2MDAwMDAwMDAwMDAsImRlbGV0ZSI6NjAwMDAwMDAwMDAwLCJ1cGRhdGUiOjYwMDAwMDAwMDAwMH19",
          "dependencies": [
            "module.VPC.aws_subnet.public",
            "module.VPC.aws_vpc.main",
            "module.VPC.data.aws_availability_zones.available",
            "module.security.aws_security_group.ACS"
          ]
        }
      ]
    },
    {
      "module": "module.ALB",
      "mode": "managed",
      "type": "aws_lb",
      "name": "ialb",
      "provider": "provider[\"registry.terraform.io/hashicorp/aws\"]",
      "instances": [
        {
          "schema_version": 0,
          "attributes": {
            "access_logs": [
              {
                "bucket": "",
                "enabled": false,
                "prefix": ""
              }
            ],
            "arn": "arn:aws:elasticloadbalancing:us-east-1:847322602513:loadbalancer/app/ialb/11b87e7a0800746b",
            "arn_suffix": "app/ialb/11b87e7a0800746b",
            "customer_owned_ipv4_pool": "",
            "desync_mitigation_mode": "defensive",
            "dns_name": "internal-ialb-316689794.us-east-1.elb.amazonaws.com",
            "drop_invalid_header_fields": false,
            "enable_cross_zone_load_balancing": true,
            "enable_deletion_protection": false,
            "enable_http2": true,
            "enable_waf_fail_open": false,
            "id": "arn:aws:elasticloadbalancing:us-east-1:847322602513:loadbalancer/app/ialb/11b87e7a0800746b",
            "idle_timeout": 60,
            "internal": true,
            "ip_address_type": "ipv4",
            "load_balancer_type": "application",
            "name": "ialb",
            "name_prefix": null,
            "preserve_host_header": false,
            "security_groups": [
              "sg-0196c69eda4717a54"
            ],
            "subnet_mapping": [
              {
                "allocation_id": "",
                "ipv6_address": "",
                "outpost_id": "",
                "private_ipv4_address": "",
                "subnet_id": "subnet-0b1a1963b70f2a2ed"
              },
              {
                "allocation_id": "",
                "ipv6_address": "",
                "outpost_id": "",
                "private_ipv4_address": "",
                "subnet_id": "subnet-0b573736f5530a003"
              }
            ],
            "subnets": [
              "subnet-0b1a1963b70f2a2ed",
              "subnet-0b573736f5530a003"
            ],
            "tags": {
              "Name": "ACS-int-alb"
            },
            "tags_all": {
              "Name": "ACS-int-alb"
            },
            "timeouts": null,
            "vpc_id": "vpc-0604f8b4ac2e1dce7",
            "zone_id": "Z35SXDOTRQ7X7K"
          },
          "sensitive_attributes": [],
          "private": "eyJlMmJmYjczMC1lY2FhLTExZTYtOGY4OC0zNDM2M2JjN2M0YzAiOnsiY3JlYXRlIjo2MDAwMDAwMDAwMDAsImRlbGV0ZSI6NjAwMDAwMDAwMDAwLCJ1cGRhdGUiOjYwMDAwMDAwMDAwMH19",
          "dependencies": [
            "module.VPC.aws_subnet.private",
            "module.VPC.aws_vpc.main",
            "module.VPC.data.aws_availability_zones.available",
            "module.security.aws_security_group.ACS"
          ]
        }
      ]
    },
    {
      "module": "module.ALB",
      "mode": "managed",
      "type": "aws_lb_listener",
      "name": "nginx-listner",
      "provider": "provider[\"registry.terraform.io/hashicorp/aws\"]",
      "instances": [
        {
          "schema_version": 0,
          "attributes": {
            "alpn_policy": null,
            "arn": "arn:aws:elasticloadbalancing:us-east-1:847322602513:listener/app/ACS-ext-alb/cc99f4153be778c9/9afd0de8856b29e2",
            "certificate_arn": "arn:aws:acm:us-east-1:847322602513:certificate/ba37638f-60e9-443a-8e8e-b8c74bc75d34",
            "default_action": [
              {
                "authenticate_cognito": [],
                "authenticate_oidc": [],
                "fixed_response": [],
                "forward": [],
                "order": 1,
                "redirect": [],
                "target_group_arn": "arn:aws:elasticloadbalancing:us-east-1:847322602513:targetgroup/nginx-tgt/4021b68390652dec",
                "type": "forward"
              }
            ],
            "id": "arn:aws:elasticloadbalancing:us-east-1:847322602513:listener/app/ACS-ext-alb/cc99f4153be778c9/9afd0de8856b29e2",
            "load_balancer_arn": "arn:aws:elasticloadbalancing:us-east-1:847322602513:loadbalancer/app/ACS-ext-alb/cc99f4153be778c9",
            "port": 443,
            "protocol": "HTTPS",
            "ssl_policy": "ELBSecurityPolicy-2016-08",
            "tags": null,
            "tags_all": {},
            "timeouts": null
          },
          "sensitive_attributes": [],
          "private": "eyJlMmJmYjczMC1lY2FhLTExZTYtOGY4OC0zNDM2M2JjN2M0YzAiOnsicmVhZCI6NjAwMDAwMDAwMDAwfX0=",
          "dependencies": [
            "module.ALB.aws_acm_certificate.lamislick",
            "module.ALB.aws_acm_certificate_validation.lamislick",
            "module.ALB.aws_lb.ext-alb",
            "module.ALB.aws_lb_target_group.nginx-tgt",
            "module.ALB.aws_route53_record.lamislick",
            "module.ALB.data.aws_route53_zone.lamislick",
            "module.VPC.aws_subnet.public",
            "module.VPC.aws_vpc.main",
            "module.VPC.data.aws_availability_zones.available",
            "module.security.aws_security_group.ACS"
          ]
        }
      ]
    },
    {
      "module": "module.ALB",
      "mode": "managed",
      "type": "aws_lb_listener",
      "name": "web-listener",
      "provider": "provider[\"registry.terraform.io/hashicorp/aws\"]",
      "instances": [
        {
          "schema_version": 0,
          "attributes": {
            "alpn_policy": null,
            "arn": "arn:aws:elasticloadbalancing:us-east-1:847322602513:listener/app/ialb/11b87e7a0800746b/ceafc8659f7c4beb",
            "certificate_arn": "arn:aws:acm:us-east-1:847322602513:certificate/ba37638f-60e9-443a-8e8e-b8c74bc75d34",
            "default_action": [
              {
                "authenticate_cognito": [],
                "authenticate_oidc": [],
                "fixed_response": [],
                "forward": [],
                "order": 1,
                "redirect": [],
                "target_group_arn": "arn:aws:elasticloadbalancing:us-east-1:847322602513:targetgroup/wordpress-tgt/33bd1f43fa1d85c2",
                "type": "forward"
              }
            ],
            "id": "arn:aws:elasticloadbalancing:us-east-1:847322602513:listener/app/ialb/11b87e7a0800746b/ceafc8659f7c4beb",
            "load_balancer_arn": "arn:aws:elasticloadbalancing:us-east-1:847322602513:loadbalancer/app/ialb/11b87e7a0800746b",
            "port": 443,
            "protocol": "HTTPS",
            "ssl_policy": "ELBSecurityPolicy-2016-08",
            "tags": null,
            "tags_all": {},
            "timeouts": null
          },
          "sensitive_attributes": [],
          "private": "eyJlMmJmYjczMC1lY2FhLTExZTYtOGY4OC0zNDM2M2JjN2M0YzAiOnsicmVhZCI6NjAwMDAwMDAwMDAwfX0=",
          "dependencies": [
            "module.ALB.aws_acm_certificate.lamislick",
            "module.ALB.aws_acm_certificate_validation.lamislick",
            "module.ALB.aws_lb.ialb",
            "module.ALB.aws_lb_target_group.wordpress-tgt",
            "module.ALB.aws_route53_record.lamislick",
            "module.ALB.data.aws_route53_zone.lamislick",
            "module.VPC.aws_subnet.private",
            "module.VPC.aws_vpc.main",
            "module.VPC.data.aws_availability_zones.available",
            "module.security.aws_security_group.ACS"
          ]
        }
      ]
    },
    {
      "module": "module.ALB",
      "mode": "managed",
      "type": "aws_lb_listener_rule",
      "name": "tooling-listener",
      "provider": "provider[\"registry.terraform.io/hashicorp/aws\"]",
      "instances": [
        {
          "schema_version": 0,
          "attributes": {
            "action": [
              {
                "authenticate_cognito": [],
                "authenticate_oidc": [],
                "fixed_response": [],
                "forward": [],
                "order": 1,
                "redirect": [],
                "target_group_arn": "arn:aws:elasticloadbalancing:us-east-1:847322602513:targetgroup/opeyemi-tooling-tgt/4780ad76559393b4",
                "type": "forward"
              }
            ],
            "arn": "arn:aws:elasticloadbalancing:us-east-1:847322602513:listener-rule/app/ialb/11b87e7a0800746b/ceafc8659f7c4beb/885a6784b1afaca1",
            "condition": [
              {
                "host_header": [
                  {
                    "values": [
                      "tooling.lamislick.click"
                    ]
                  }
                ],
                "http_header": [],
                "http_request_method": [],
                "path_pattern": [],
                "query_string": [],
                "source_ip": []
              }
            ],
            "id": "arn:aws:elasticloadbalancing:us-east-1:847322602513:listener-rule/app/ialb/11b87e7a0800746b/ceafc8659f7c4beb/885a6784b1afaca1",
            "listener_arn": "arn:aws:elasticloadbalancing:us-east-1:847322602513:listener/app/ialb/11b87e7a0800746b/ceafc8659f7c4beb",
            "priority": 99,
            "tags": null,
            "tags_all": {}
          },
          "sensitive_attributes": [],
          "private": "bnVsbA==",
          "dependencies": [
            "module.ALB.aws_acm_certificate.lamislick",
            "module.ALB.aws_acm_certificate_validation.lamislick",
            "module.ALB.aws_lb.ialb",
            "module.ALB.aws_lb_listener.web-listener",
            "module.ALB.aws_lb_target_group.tooling-tgt",
            "module.ALB.aws_lb_target_group.wordpress-tgt",
            "module.ALB.aws_route53_record.lamislick",
            "module.ALB.data.aws_route53_zone.lamislick",
            "module.VPC.aws_subnet.private",
            "module.VPC.aws_vpc.main",
            "module.VPC.data.aws_availability_zones.available",
            "module.security.aws_security_group.ACS"
          ]
        }
      ]
    },
    {
      "module": "module.ALB",
      "mode": "managed",
      "type": "aws_lb_target_group",
      "name": "nginx-tgt",
      "provider": "provider[\"registry.terraform.io/hashicorp/aws\"]",
      "instances": [
        {
          "schema_version": 0,
          "attributes": {
            "arn": "arn:aws:elasticloadbalancing:us-east-1:847322602513:targetgroup/nginx-tgt/4021b68390652dec",
            "arn_suffix": "targetgroup/nginx-tgt/4021b68390652dec",
            "connection_termination": false,
            "deregistration_delay": "300",
            "health_check": [
              {
                "enabled": true,
                "healthy_threshold": 5,
                "interval": 10,
                "matcher": "200",
                "path": "/healthstatus",
                "port": "traffic-port",
                "protocol": "HTTPS",
                "timeout": 5,
                "unhealthy_threshold": 2
              }
            ],
            "id": "arn:aws:elasticloadbalancing:us-east-1:847322602513:targetgroup/nginx-tgt/4021b68390652dec",
            "ip_address_type": "ipv4",
            "lambda_multi_value_headers_enabled": false,
            "load_balancing_algorithm_type": "round_robin",
            "name": "nginx-tgt",
            "name_prefix": null,
            "port": 443,
            "preserve_client_ip": null,
            "protocol": "HTTPS",
            "protocol_version": "HTTP1",
            "proxy_protocol_v2": false,
            "slow_start": 0,
            "stickiness": [
              {
                "cookie_duration": 86400,
                "cookie_name": "",
                "enabled": false,
                "type": "lb_cookie"
              }
            ],
            "tags": null,
            "tags_all": {},
            "target_failover": [
              {
                "on_deregistration": null,
                "on_unhealthy": null
              }
            ],
            "target_type": "instance",
            "vpc_id": "vpc-0604f8b4ac2e1dce7"
          },
          "sensitive_attributes": [],
          "private": "bnVsbA==",
          "dependencies": [
            "module.VPC.aws_vpc.main"
          ]
        }
      ]
    },
    {
      "module": "module.ALB",
      "mode": "managed",
      "type": "aws_lb_target_group",
      "name": "tooling-tgt",
      "provider": "provider[\"registry.terraform.io/hashicorp/aws\"]",
      "instances": [
        {
          "schema_version": 0,
          "attributes": {
            "arn": "arn:aws:elasticloadbalancing:us-east-1:847322602513:targetgroup/opeyemi-tooling-tgt/4780ad76559393b4",
            "arn_suffix": "targetgroup/opeyemi-tooling-tgt/4780ad76559393b4",
            "connection_termination": false,
            "deregistration_delay": "300",
            "health_check": [
              {
                "enabled": true,
                "healthy_threshold": 5,
                "interval": 10,
                "matcher": "200",
                "path": "/healthstatus",
                "port": "traffic-port",
                "protocol": "HTTPS",
                "timeout": 5,
                "unhealthy_threshold": 2
              }
            ],
            "id": "arn:aws:elasticloadbalancing:us-east-1:847322602513:targetgroup/opeyemi-tooling-tgt/4780ad76559393b4",
            "ip_address_type": "ipv4",
            "lambda_multi_value_headers_enabled": false,
            "load_balancing_algorithm_type": "round_robin",
            "name": "opeyemi-tooling-tgt",
            "name_prefix": null,
            "port": 443,
            "preserve_client_ip": null,
            "protocol": "HTTPS",
            "protocol_version": "HTTP1",
            "proxy_protocol_v2": false,
            "slow_start": 0,
            "stickiness": [
              {
                "cookie_duration": 86400,
                "cookie_name": "",
                "enabled": false,
                "type": "lb_cookie"
              }
            ],
            "tags": null,
            "tags_all": {},
            "target_failover": [
              {
                "on_deregistration": null,
                "on_unhealthy": null
              }
            ],
            "target_type": "instance",
            "vpc_id": "vpc-0604f8b4ac2e1dce7"
          },
          "sensitive_attributes": [],
          "private": "bnVsbA==",
          "dependencies": [
            "module.VPC.aws_vpc.main"
          ]
        }
      ]
    },
    {
      "module": "module.ALB",
      "mode": "managed",
      "type": "aws_lb_target_group",
      "name": "wordpress-tgt",
      "provider": "provider[\"registry.terraform.io/hashicorp/aws\"]",
      "instances": [
        {
          "schema_version": 0,
          "attributes": {
            "arn": "arn:aws:elasticloadbalancing:us-east-1:847322602513:targetgroup/wordpress-tgt/33bd1f43fa1d85c2",
            "arn_suffix": "targetgroup/wordpress-tgt/33bd1f43fa1d85c2",
            "connection_termination": false,
            "deregistration_delay": "300",
            "health_check": [
              {
                "enabled": true,
                "healthy_threshold": 5,
                "interval": 10,
                "matcher": "200",
                "path": "/healthstatus",
                "port": "traffic-port",
                "protocol": "HTTPS",
                "timeout": 5,
                "unhealthy_threshold": 2
              }
            ],
            "id": "arn:aws:elasticloadbalancing:us-east-1:847322602513:targetgroup/wordpress-tgt/33bd1f43fa1d85c2",
            "ip_address_type": "ipv4",
            "lambda_multi_value_headers_enabled": false,
            "load_balancing_algorithm_type": "round_robin",
            "name": "wordpress-tgt",
            "name_prefix": null,
            "port": 443,
            "preserve_client_ip": null,
            "protocol": "HTTPS",
            "protocol_version": "HTTP1",
            "proxy_protocol_v2": false,
            "slow_start": 0,
            "stickiness": [
              {
                "cookie_duration": 86400,
                "cookie_name": "",
                "enabled": false,
                "type": "lb_cookie"
              }
            ],
            "tags": null,
            "tags_all": {},
            "target_failover": [
              {
                "on_deregistration": null,
                "on_unhealthy": null
              }
            ],
            "target_type": "instance",
            "vpc_id": "vpc-0604f8b4ac2e1dce7"
          },
          "sensitive_attributes": [],
          "private": "bnVsbA==",
          "dependencies": [
            "module.VPC.aws_vpc.main"
          ]
        }
      ]
    },
    {
      "module": "module.ALB",
      "mode": "managed",
      "type": "aws_route53_record",
      "name": "lamislick",
      "provider": "provider[\"registry.terraform.io/hashicorp/aws\"]",
      "instances": [
        {
          "index_key": "*.lamislick.click",
          "schema_version": 2,
          "attributes": {
            "alias": [],
            "allow_overwrite": true,
            "failover_routing_policy": [],
            "fqdn": "_503b4b3f75a73f41d25fa5fb1601283b.lamislick.click",
            "geolocation_routing_policy": [],
            "health_check_id": null,
            "id": "Z01935311OS16EULW63AB__503b4b3f75a73f41d25fa5fb1601283b.lamislick.click._CNAME",
            "latency_routing_policy": [],
            "multivalue_answer_routing_policy": null,
            "name": "_503b4b3f75a73f41d25fa5fb1601283b.lamislick.click",
            "records": [
              "_0eaeecfdce505c9448bc735e3ecbd1f5.crxktfrmng.acm-validations.aws."
            ],
            "set_identifier": null,
            "ttl": 60,
            "type": "CNAME",
            "weighted_routing_policy": [],
            "zone_id": "Z01935311OS16EULW63AB"
          },
          "sensitive_attributes": [],
          "private": "eyJzY2hlbWFfdmVyc2lvbiI6IjIifQ==",
          "dependencies": [
            "module.ALB.aws_acm_certificate.lamislick",
            "module.ALB.data.aws_route53_zone.lamislick"
          ]
        }
      ]
    },
    {
      "module": "module.ALB",
      "mode": "managed",
      "type": "aws_route53_record",
      "name": "tooling",
      "provider": "provider[\"registry.terraform.io/hashicorp/aws\"]",
      "instances": [
        {
          "schema_version": 2,
          "attributes": {
            "alias": [
              {
                "evaluate_target_health": true,
                "name": "acs-ext-alb-1131964746.us-east-1.elb.amazonaws.com",
                "zone_id": "Z35SXDOTRQ7X7K"
              }
            ],
            "allow_overwrite": null,
            "failover_routing_policy": [],
            "fqdn": "tooling.lamislick.click",
            "geolocation_routing_policy": [],
            "health_check_id": null,
            "id": "Z01935311OS16EULW63AB_tooling.lamislick.click_A",
            "latency_routing_policy": [],
            "multivalue_answer_routing_policy": null,
            "name": "tooling.lamislick.click",
            "records": null,
            "set_identifier": null,
            "ttl": null,
            "type": "A",
            "weighted_routing_policy": [],
            "zone_id": "Z01935311OS16EULW63AB"
          },
          "sensitive_attributes": [],
          "private": "eyJzY2hlbWFfdmVyc2lvbiI6IjIifQ==",
          "dependencies": [
            "module.ALB.aws_lb.ext-alb",
            "module.ALB.data.aws_route53_zone.lamislick",
            "module.VPC.aws_subnet.public",
            "module.VPC.aws_vpc.main",
            "module.VPC.data.aws_availability_zones.available",
            "module.security.aws_security_group.ACS"
          ]
        }
      ]
    },
    {
      "module": "module.ALB",
      "mode": "managed",
      "type": "aws_route53_record",
      "name": "wordpress",
      "provider": "provider[\"registry.terraform.io/hashicorp/aws\"]",
      "instances": [
        {
          "schema_version": 2,
          "attributes": {
            "alias": [
              {
                "evaluate_target_health": true,
                "name": "acs-ext-alb-1131964746.us-east-1.elb.amazonaws.com",
                "zone_id": "Z35SXDOTRQ7X7K"
              }
            ],
            "allow_overwrite": null,
            "failover_routing_policy": [],
            "fqdn": "wordpress.lamislick.click",
            "geolocation_routing_policy": [],
            "health_check_id": null,
            "id": "Z01935311OS16EULW63AB_wordpress.lamislick.click_A",
            "latency_routing_policy": [],
            "multivalue_answer_routing_policy": null,
            "name": "wordpress.lamislick.click",
            "records": null,
            "set_identifier": null,
            "ttl": null,
            "type": "A",
            "weighted_routing_policy": [],
            "zone_id": "Z01935311OS16EULW63AB"
          },
          "sensitive_attributes": [],
          "private": "eyJzY2hlbWFfdmVyc2lvbiI6IjIifQ==",
          "dependencies": [
            "module.ALB.aws_lb.ext-alb",
            "module.ALB.data.aws_route53_zone.lamislick",
            "module.VPC.aws_subnet.public",
            "module.VPC.aws_vpc.main",
            "module.VPC.data.aws_availability_zones.available",
            "module.security.aws_security_group.ACS"
          ]
        }
      ]
    },
    {
      "module": "module.AutoScaling",
      "mode": "data",
      "type": "aws_availability_zones",
      "name": "available",
      "provider": "provider[\"registry.terraform.io/hashicorp/aws\"]",
      "instances": [
        {
          "schema_version": 0,
          "attributes": {
            "all_availability_zones": null,
            "exclude_names": null,
            "exclude_zone_ids": null,
            "filter": null,
            "group_names": [
              "us-east-1"
            ],
            "id": "us-east-1",
            "names": [
              "us-east-1a",
              "us-east-1b",
              "us-east-1c",
              "us-east-1d",
              "us-east-1e",
              "us-east-1f"
            ],
            "state": "available",
            "timeouts": null,
            "zone_ids": [
              "use1-az1",
              "use1-az2",
              "use1-az4",
              "use1-az6",
              "use1-az3",
              "use1-az5"
            ]
          },
          "sensitive_attributes": []
        }
      ]
    },
    {
      "module": "module.AutoScaling",
      "mode": "managed",
      "type": "aws_autoscaling_attachment",
      "name": "asg_attachment_nginx",
      "provider": "provider[\"registry.terraform.io/hashicorp/aws\"]",
      "instances": [
        {
          "schema_version": 0,
          "attributes": {
            "alb_target_group_arn": "arn:aws:elasticloadbalancing:us-east-1:847322602513:targetgroup/nginx-tgt/4021b68390652dec",
            "autoscaling_group_name": "nginx-asg",
            "elb": null,
            "id": "nginx-asg-20221224104354036500000013",
            "lb_target_group_arn": null
          },
          "sensitive_attributes": [],
          "private": "bnVsbA==",
          "dependencies": [
            "module.ALB.aws_lb_target_group.nginx-tgt",
            "module.AutoScaling.aws_autoscaling_group.nginx-asg",
            "module.AutoScaling.aws_launch_template.nginx-launch-template",
            "module.VPC.aws_iam_instance_profile.ip",
            "module.VPC.aws_iam_role.ec2_instance_role",
            "module.VPC.aws_subnet.public",
            "module.VPC.aws_vpc.main",
            "module.VPC.data.aws_availability_zones.available",
            "module.security.aws_security_group.ACS"
          ]
        }
      ]
    },
    {
      "module": "module.AutoScaling",
      "mode": "managed",
      "type": "aws_autoscaling_attachment",
      "name": "asg_attachment_tooling",
      "provider": "provider[\"registry.terraform.io/hashicorp/aws\"]",
      "instances": [
        {
          "schema_version": 0,
          "attributes": {
            "alb_target_group_arn": "arn:aws:elasticloadbalancing:us-east-1:847322602513:targetgroup/opeyemi-tooling-tgt/4780ad76559393b4",
            "autoscaling_group_name": "tooling-asg",
            "elb": null,
            "id": "tooling-asg-20221224104354747000000014",
            "lb_target_group_arn": null
          },
          "sensitive_attributes": [],
          "private": "bnVsbA==",
          "dependencies": [
            "module.ALB.aws_lb_target_group.tooling-tgt",
            "module.AutoScaling.aws_autoscaling_group.tooling-asg",
            "module.AutoScaling.aws_launch_template.tooling-launch-template",
            "module.VPC.aws_iam_instance_profile.ip",
            "module.VPC.aws_iam_role.ec2_instance_role",
            "module.VPC.aws_subnet.private",
            "module.VPC.aws_vpc.main",
            "module.VPC.data.aws_availability_zones.available",
            "module.security.aws_security_group.ACS"
          ]
        }
      ]
    },
    {
      "module": "module.AutoScaling",
      "mode": "managed",
      "type": "aws_autoscaling_attachment",
      "name": "asg_attachment_wordpress",
      "provider": "provider[\"registry.terraform.io/hashicorp/aws\"]",
      "instances": [
        {
          "schema_version": 0,
          "attributes": {
            "alb_target_group_arn": "arn:aws:elasticloadbalancing:us-east-1:847322602513:targetgroup/wordpress-tgt/33bd1f43fa1d85c2",
            "autoscaling_group_name": "wordpress-asg",
            "elb": null,
            "id": "wordpress-asg-20221224104353250900000012",
            "lb_target_group_arn": null
          },
          "sensitive_attributes": [],
          "private": "bnVsbA==",
          "dependencies": [
            "module.ALB.aws_lb_target_group.wordpress-tgt",
            "module.AutoScaling.aws_autoscaling_group.wordpress-asg",
            "module.AutoScaling.aws_launch_template.wordpress-launch-template",
            "module.VPC.aws_iam_instance_profile.ip",
            "module.VPC.aws_iam_role.ec2_instance_role",
            "module.VPC.aws_subnet.private",
            "module.VPC.aws_vpc.main",
            "module.VPC.data.aws_availability_zones.available",
            "module.security.aws_security_group.ACS"
          ]
        }
      ]
    },
    {
      "module": "module.AutoScaling",
      "mode": "managed",
      "type": "aws_autoscaling_group",
      "name": "bastion-asg",
      "provider": "provider[\"registry.terraform.io/hashicorp/aws\"]",
      "instances": [
        {
          "schema_version": 0,
          "attributes": {
            "arn": "arn:aws:autoscaling:us-east-1:847322602513:autoScalingGroup:1c71f444-5a1e-486f-bd26-c2eb656917e5:autoScalingGroupName/bastion-asg",
            "availability_zones": [
              "us-east-1a",
              "us-east-1b"
            ],
            "capacity_rebalance": false,
            "context": "",
            "default_cooldown": 300,
            "default_instance_warmup": 0,
            "desired_capacity": 2,
            "enabled_metrics": null,
            "force_delete": false,
            "force_delete_warm_pool": false,
            "health_check_grace_period": 300,
            "health_check_type": "ELB",
            "id": "bastion-asg",
            "initial_lifecycle_hook": [],
            "instance_refresh": [],
            "launch_configuration": "",
            "launch_template": [
              {
                "id": "lt-00a4660f8a2737889",
                "name": "terraform-2022122410430664750000000c",
                "version": "$Latest"
              }
            ],
            "load_balancers": null,
            "max_instance_lifetime": 0,
            "max_size": 2,
            "metrics_granularity": "1Minute",
            "min_elb_capacity": null,
            "min_size": 2,
            "mixed_instances_policy": [],
            "name": "bastion-asg",
            "name_prefix": "",
            "placement_group": "",
            "protect_from_scale_in": false,
            "service_linked_role_arn": "arn:aws:iam::847322602513:role/aws-service-role/autoscaling.amazonaws.com/AWSServiceRoleForAutoScaling",
            "suspended_processes": null,
            "tag": [
              {
                "key": "Name",
                "propagate_at_launch": true,
                "value": "ACS-bastion"
              }
            ],
            "tags": null,
            "target_group_arns": null,
            "termination_policies": null,
            "timeouts": null,
            "vpc_zone_identifier": [
              "subnet-03081dc7285feac78",
              "subnet-0328d3015dc178e01"
            ],
            "wait_for_capacity_timeout": "10m",
            "wait_for_elb_capacity": null,
            "warm_pool": []
          },
          "sensitive_attributes": [],
          "private": "eyJlMmJmYjczMC1lY2FhLTExZTYtOGY4OC0zNDM2M2JjN2M0YzAiOnsiZGVsZXRlIjo2MDAwMDAwMDAwMDAsInVwZGF0ZSI6NjAwMDAwMDAwMDAwfX0=",
          "dependencies": [
            "module.AutoScaling.aws_launch_template.bastion-launch-template",
            "module.VPC.aws_iam_instance_profile.ip",
            "module.VPC.aws_iam_role.ec2_instance_role",
            "module.VPC.aws_subnet.public",
            "module.VPC.aws_vpc.main",
            "module.VPC.data.aws_availability_zones.available",
            "module.security.aws_security_group.ACS"
          ]
        }
      ]
    },
    {
      "module": "module.AutoScaling",
      "mode": "managed",
      "type": "aws_autoscaling_group",
      "name": "nginx-asg",
      "provider": "provider[\"registry.terraform.io/hashicorp/aws\"]",
      "instances": [
        {
          "schema_version": 0,
          "attributes": {
            "arn": "arn:aws:autoscaling:us-east-1:847322602513:autoScalingGroup:c4642fd6-aed4-4e07-8fd1-115358eec7e3:autoScalingGroupName/nginx-asg",
            "availability_zones": [
              "us-east-1a",
              "us-east-1b"
            ],
            "capacity_rebalance": false,
            "context": "",
            "default_cooldown": 300,
            "default_instance_warmup": 0,
            "desired_capacity": 1,
            "enabled_metrics": null,
            "force_delete": false,
            "force_delete_warm_pool": false,
            "health_check_grace_period": 300,
            "health_check_type": "ELB",
            "id": "nginx-asg",
            "initial_lifecycle_hook": [],
            "instance_refresh": [],
            "launch_configuration": "",
            "launch_template": [
              {
                "id": "lt-055216be143814be4",
                "name": "terraform-2022122410430518280000000a",
                "version": "$Latest"
              }
            ],
            "load_balancers": null,
            "max_instance_lifetime": 0,
            "max_size": 2,
            "metrics_granularity": "1Minute",
            "min_elb_capacity": null,
            "min_size": 1,
            "mixed_instances_policy": [],
            "name": "nginx-asg",
            "name_prefix": "",
            "placement_group": "",
            "protect_from_scale_in": false,
            "service_linked_role_arn": "arn:aws:iam::847322602513:role/aws-service-role/autoscaling.amazonaws.com/AWSServiceRoleForAutoScaling",
            "suspended_processes": null,
            "tag": [
              {
                "key": "Name",
                "propagate_at_launch": true,
                "value": "ACS-nginx"
              }
            ],
            "tags": null,
            "target_group_arns": null,
            "termination_policies": null,
            "timeouts": null,
            "vpc_zone_identifier": [
              "subnet-03081dc7285feac78",
              "subnet-0328d3015dc178e01"
            ],
            "wait_for_capacity_timeout": "10m",
            "wait_for_elb_capacity": null,
            "warm_pool": []
          },
          "sensitive_attributes": [],
          "private": "eyJlMmJmYjczMC1lY2FhLTExZTYtOGY4OC0zNDM2M2JjN2M0YzAiOnsiZGVsZXRlIjo2MDAwMDAwMDAwMDAsInVwZGF0ZSI6NjAwMDAwMDAwMDAwfX0=",
          "dependencies": [
            "module.AutoScaling.aws_launch_template.nginx-launch-template",
            "module.VPC.aws_iam_instance_profile.ip",
            "module.VPC.aws_iam_role.ec2_instance_role",
            "module.VPC.aws_subnet.public",
            "module.VPC.aws_vpc.main",
            "module.VPC.data.aws_availability_zones.available",
            "module.security.aws_security_group.ACS"
          ]
        }
      ]
    },
    {
      "module": "module.AutoScaling",
      "mode": "managed",
      "type": "aws_autoscaling_group",
      "name": "tooling-asg",
      "provider": "provider[\"registry.terraform.io/hashicorp/aws\"]",
      "instances": [
        {
          "schema_version": 0,
          "attributes": {
            "arn": "arn:aws:autoscaling:us-east-1:847322602513:autoScalingGroup:80b4e40e-b959-4dd4-9a48-9404a20c93ad:autoScalingGroupName/tooling-asg",
            "availability_zones": [
              "us-east-1a",
              "us-east-1b"
            ],
            "capacity_rebalance": false,
            "context": "",
            "default_cooldown": 300,
            "default_instance_warmup": 0,
            "desired_capacity": 2,
            "enabled_metrics": null,
            "force_delete": false,
            "force_delete_warm_pool": false,
            "health_check_grace_period": 300,
            "health_check_type": "ELB",
            "id": "tooling-asg",
            "initial_lifecycle_hook": [],
            "instance_refresh": [],
            "launch_configuration": "",
            "launch_template": [
              {
                "id": "lt-0137c066011835b77",
                "name": "terraform-20221224104305109200000006",
                "version": "$Latest"
              }
            ],
            "load_balancers": null,
            "max_instance_lifetime": 0,
            "max_size": 2,
            "metrics_granularity": "1Minute",
            "min_elb_capacity": null,
            "min_size": 2,
            "mixed_instances_policy": [],
            "name": "tooling-asg",
            "name_prefix": "",
            "placement_group": "",
            "protect_from_scale_in": false,
            "service_linked_role_arn": "arn:aws:iam::847322602513:role/aws-service-role/autoscaling.amazonaws.com/AWSServiceRoleForAutoScaling",
            "suspended_processes": null,
            "tag": [
              {
                "key": "Name",
                "propagate_at_launch": true,
                "value": "ACS-tooling"
              }
            ],
            "tags": null,
            "target_group_arns": null,
            "termination_policies": null,
            "timeouts": null,
            "vpc_zone_identifier": [
              "subnet-0b1a1963b70f2a2ed",
              "subnet-0b573736f5530a003"
            ],
            "wait_for_capacity_timeout": "10m",
            "wait_for_elb_capacity": null,
            "warm_pool": []
          },
          "sensitive_attributes": [],
          "private": "eyJlMmJmYjczMC1lY2FhLTExZTYtOGY4OC0zNDM2M2JjN2M0YzAiOnsiZGVsZXRlIjo2MDAwMDAwMDAwMDAsInVwZGF0ZSI6NjAwMDAwMDAwMDAwfX0=",
          "dependencies": [
            "module.AutoScaling.aws_launch_template.tooling-launch-template",
            "module.VPC.aws_iam_instance_profile.ip",
            "module.VPC.aws_iam_role.ec2_instance_role",
            "module.VPC.aws_subnet.private",
            "module.VPC.aws_vpc.main",
            "module.VPC.data.aws_availability_zones.available",
            "module.security.aws_security_group.ACS"
          ]
        }
      ]
    },
    {
      "module": "module.AutoScaling",
      "mode": "managed",
      "type": "aws_autoscaling_group",
      "name": "wordpress-asg",
      "provider": "provider[\"registry.terraform.io/hashicorp/aws\"]",
      "instances": [
        {
          "schema_version": 0,
          "attributes": {
            "arn": "arn:aws:autoscaling:us-east-1:847322602513:autoScalingGroup:450e4905-16a5-4b09-99f8-d1481e56b4d7:autoScalingGroupName/wordpress-asg",
            "availability_zones": [
              "us-east-1a",
              "us-east-1b"
            ],
            "capacity_rebalance": false,
            "context": "",
            "default_cooldown": 300,
            "default_instance_warmup": 0,
            "desired_capacity": 2,
            "enabled_metrics": null,
            "force_delete": false,
            "force_delete_warm_pool": false,
            "health_check_grace_period": 300,
            "health_check_type": "ELB",
            "id": "wordpress-asg",
            "initial_lifecycle_hook": [],
            "instance_refresh": [],
            "launch_configuration": "",
            "launch_template": [
              {
                "id": "lt-0a08397af12d06536",
                "name": "terraform-20221224104305109200000008",
                "version": "$Latest"
              }
            ],
            "load_balancers": null,
            "max_instance_lifetime": 0,
            "max_size": 2,
            "metrics_granularity": "1Minute",
            "min_elb_capacity": null,
            "min_size": 2,
            "mixed_instances_policy": [],
            "name": "wordpress-asg",
            "name_prefix": "",
            "placement_group": "",
            "protect_from_scale_in": false,
            "service_linked_role_arn": "arn:aws:iam::847322602513:role/aws-service-role/autoscaling.amazonaws.com/AWSServiceRoleForAutoScaling",
            "suspended_processes": null,
            "tag": [
              {
                "key": "Name",
                "propagate_at_launch": true,
                "value": "ACS-wordpress"
              }
            ],
            "tags": null,
            "target_group_arns": null,
            "termination_policies": null,
            "timeouts": null,
            "vpc_zone_identifier": [
              "subnet-0b1a1963b70f2a2ed",
              "subnet-0b573736f5530a003"
            ],
            "wait_for_capacity_timeout": "10m",
            "wait_for_elb_capacity": null,
            "warm_pool": []
          },
          "sensitive_attributes": [],
          "private": "eyJlMmJmYjczMC1lY2FhLTExZTYtOGY4OC0zNDM2M2JjN2M0YzAiOnsiZGVsZXRlIjo2MDAwMDAwMDAwMDAsInVwZGF0ZSI6NjAwMDAwMDAwMDAwfX0=",
          "dependencies": [
            "module.AutoScaling.aws_launch_template.wordpress-launch-template",
            "module.VPC.aws_iam_instance_profile.ip",
            "module.VPC.aws_iam_role.ec2_instance_role",
            "module.VPC.aws_subnet.private",
            "module.VPC.aws_vpc.main",
            "module.VPC.data.aws_availability_zones.available",
            "module.security.aws_security_group.ACS"
          ]
        }
      ]
    },
    {
      "module": "module.AutoScaling",
      "mode": "managed",
      "type": "aws_autoscaling_notification",
      "name": "opeyemi_notifications",
      "provider": "provider[\"registry.terraform.io/hashicorp/aws\"]",
      "instances": [
        {
          "schema_version": 0,
          "attributes": {
            "group_names": [
              "bastion-asg",
              "nginx-asg",
              "tooling-asg",
              "wordpress-asg"
            ],
            "id": "arn:aws:sns:us-east-1:847322602513:Default_CloudWatch_Alarms_Topic",
            "notifications": [
              "autoscaling:EC2_INSTANCE_LAUNCH",
              "autoscaling:EC2_INSTANCE_LAUNCH_ERROR",
              "autoscaling:EC2_INSTANCE_TERMINATE",
              "autoscaling:EC2_INSTANCE_TERMINATE_ERROR"
            ],
            "topic_arn": "arn:aws:sns:us-east-1:847322602513:Default_CloudWatch_Alarms_Topic"
          },
          "sensitive_attributes": [],
          "private": "bnVsbA==",
          "dependencies": [
            "module.AutoScaling.aws_autoscaling_group.bastion-asg",
            "module.AutoScaling.aws_autoscaling_group.nginx-asg",
            "module.AutoScaling.aws_autoscaling_group.tooling-asg",
            "module.AutoScaling.aws_autoscaling_group.wordpress-asg",
            "module.AutoScaling.aws_launch_template.bastion-launch-template",
            "module.AutoScaling.aws_launch_template.nginx-launch-template",
            "module.AutoScaling.aws_launch_template.tooling-launch-template",
            "module.AutoScaling.aws_launch_template.wordpress-launch-template",
            "module.AutoScaling.aws_sns_topic.ACS-sns",
            "module.VPC.aws_iam_instance_profile.ip",
            "module.VPC.aws_iam_role.ec2_instance_role",
            "module.VPC.aws_subnet.private",
            "module.VPC.aws_subnet.public",
            "module.VPC.aws_vpc.main",
            "module.VPC.data.aws_availability_zones.available",
            "module.security.aws_security_group.ACS"
          ]
        }
      ]
    },
    {
      "module": "module.AutoScaling",
      "mode": "managed",
      "type": "aws_launch_template",
      "name": "bastion-launch-template",
      "provider": "provider[\"registry.terraform.io/hashicorp/aws\"]",
      "instances": [
        {
          "schema_version": 0,
          "attributes": {
            "arn": "arn:aws:ec2:us-east-1:847322602513:launch-template/lt-00a4660f8a2737889",
            "block_device_mappings": [],
            "capacity_reservation_specification": [],
            "cpu_options": [],
            "credit_specification": [],
            "default_version": 1,
            "description": "",
            "disable_api_stop": false,
            "disable_api_termination": false,
            "ebs_optimized": "",
            "elastic_gpu_specifications": [],
            "elastic_inference_accelerator": [],
            "enclave_options": [],
            "hibernation_options": [],
            "iam_instance_profile": [
              {
                "arn": "",
                "name": "aws_instance_profile_test_terraform"
              }
            ],
            "id": "lt-00a4660f8a2737889",
            "image_id": "ami-0149b2da6ceec4bb0",
            "instance_initiated_shutdown_behavior": "",
            "instance_market_options": [],
            "instance_requirements": [],
            "instance_type": "t2.micro",
            "kernel_id": "",
            "key_name": "pbl",
            "latest_version": 1,
            "license_specification": [],
            "maintenance_options": [],
            "metadata_options": [],
            "monitoring": [],
            "name": "terraform-2022122410430664750000000c",
            "name_prefix": "terraform-",
            "network_interfaces": [],
            "placement": [
              {
                "affinity": "",
                "availability_zone": "random_shuffle.az_list.result",
                "group_name": "",
                "host_id": "",
                "host_resource_group_arn": "",
                "partition_number": 0,
                "spread_domain": "",
                "tenancy": ""
              }
            ],
            "private_dns_name_options": [],
            "ram_disk_id": "",
            "security_group_names": null,
            "tag_specifications": [
              {
                "resource_type": "instance",
                "tags": {
                  "Name": "bastion-launch-template"
                }
              }
            ],
            "tags": null,
            "tags_all": {},
            "update_default_version": null,
            "user_data": "IyBiYXN0aW9uIHVzZXJkYXRhDQojIS9iaW4vYmFzaA0KeXVtIGluc3RhbGwgLXkgbXlzcWwNCnl1bSBpbnN0YWxsIC15IGdpdCB0bXV4DQp5dW0gaW5zdGFsbCAteSBhbnNpYmxlDQo=",
            "vpc_security_group_ids": [
              "sg-0ba430d91e290da69"
            ]
          },
          "sensitive_attributes": [],
          "private": "bnVsbA==",
          "dependencies": [
            "module.VPC.aws_iam_instance_profile.ip",
            "module.VPC.aws_iam_role.ec2_instance_role",
            "module.VPC.aws_vpc.main",
            "module.security.aws_security_group.ACS"
          ],
          "create_before_destroy": true
        }
      ]
    },
    {
      "module": "module.AutoScaling",
      "mode": "managed",
      "type": "aws_launch_template",
      "name": "nginx-launch-template",
      "provider": "provider[\"registry.terraform.io/hashicorp/aws\"]",
      "instances": [
        {
          "schema_version": 0,
          "attributes": {
            "arn": "arn:aws:ec2:us-east-1:847322602513:launch-template/lt-055216be143814be4",
            "block_device_mappings": [],
            "capacity_reservation_specification": [],
            "cpu_options": [],
            "credit_specification": [],
            "default_version": 1,
            "description": "",
            "disable_api_stop": false,
            "disable_api_termination": false,
            "ebs_optimized": "",
            "elastic_gpu_specifications": [],
            "elastic_inference_accelerator": [],
            "enclave_options": [],
            "hibernation_options": [],
            "iam_instance_profile": [
              {
                "arn": "",
                "name": "aws_instance_profile_test_terraform"
              }
            ],
            "id": "lt-055216be143814be4",
            "image_id": "ami-0149b2da6ceec4bb0",
            "instance_initiated_shutdown_behavior": "",
            "instance_market_options": [],
            "instance_requirements": [],
            "instance_type": "t2.micro",
            "kernel_id": "",
            "key_name": "pbl",
            "latest_version": 1,
            "license_specification": [],
            "maintenance_options": [],
            "metadata_options": [],
            "monitoring": [],
            "name": "terraform-2022122410430518280000000a",
            "name_prefix": "terraform-",
            "network_interfaces": [],
            "placement": [
              {
                "affinity": "",
                "availability_zone": "random_shuffle.az_list.result",
                "group_name": "",
                "host_id": "",
                "host_resource_group_arn": "",
                "partition_number": 0,
                "spread_domain": "",
                "tenancy": ""
              }
            ],
            "private_dns_name_options": [],
            "ram_disk_id": "",
            "security_group_names": null,
            "tag_specifications": [
              {
                "resource_type": "instance",
                "tags": {
                  "Name": "nginx-launch-template"
                }
              }
            ],
            "tags": null,
            "tags_all": {},
            "update_default_version": null,
            "user_data": "IyEvYmluL2Jhc2gNCnl1bSBpbnN0YWxsIC15IG5naW54DQpzeXN0ZW1jdGwgc3RhcnQgbmdpbngNCnN5c3RlbWN0bCBlbmFibGUgbmdpbngNCmdpdCBjbG9uZSBoaHR0cHM6Ly9naXRodWIuY29tL29wZXllbWlhZ2JhZGVyby9BQ1MtcHJvamVjdC1jb25maWcuZ2l0DQptdiAvQUNTLXByb2plY3QtY29uZmlnL3JldmVyc2UuY29uZiAvZXRjL25naW54Lw0KbXYgL2V0Yy9uZ2lueC9uZ2lueC5jb25mIC9ldGMvbmdpbngvbmdpbnguY29uZi1kaXN0cm8NCmNkIC9ldGMvbmdpbngvDQp0b3VjaCBuZ2lueC5jb25mDQpzZWQgLW4gJ3cgbmdpbnguY29uZicgcmV2ZXJzZS5jb25mDQpzeXN0ZW1jdGwgcmVzdGFydCBuZ2lueA0Kcm0gLXJmIHJldmVyc2UuY29uZg0Kcm0gLXJmIC9BQ1MtcHJvamVjdC1jb25maWcNCg0KDQoNCg==",
            "vpc_security_group_ids": [
              "sg-0436036d1a5d29926"
            ]
          },
          "sensitive_attributes": [],
          "private": "bnVsbA==",
          "dependencies": [
            "module.VPC.aws_iam_instance_profile.ip",
            "module.VPC.aws_iam_role.ec2_instance_role",
            "module.VPC.aws_vpc.main",
            "module.security.aws_security_group.ACS"
          ],
          "create_before_destroy": true
        }
      ]
    },
    {
      "module": "module.AutoScaling",
      "mode": "managed",
      "type": "aws_launch_template",
      "name": "tooling-launch-template",
      "provider": "provider[\"registry.terraform.io/hashicorp/aws\"]",
      "instances": [
        {
          "schema_version": 0,
          "attributes": {
            "arn": "arn:aws:ec2:us-east-1:847322602513:launch-template/lt-0137c066011835b77",
            "block_device_mappings": [],
            "capacity_reservation_specification": [],
            "cpu_options": [],
            "credit_specification": [],
            "default_version": 1,
            "description": "",
            "disable_api_stop": false,
            "disable_api_termination": false,
            "ebs_optimized": "",
            "elastic_gpu_specifications": [],
            "elastic_inference_accelerator": [],
            "enclave_options": [],
            "hibernation_options": [],
            "iam_instance_profile": [
              {
                "arn": "",
                "name": "aws_instance_profile_test_terraform"
              }
            ],
            "id": "lt-0137c066011835b77",
            "image_id": "ami-0149b2da6ceec4bb0",
            "instance_initiated_shutdown_behavior": "",
            "instance_market_options": [],
            "instance_requirements": [],
            "instance_type": "t2.micro",
            "kernel_id": "",
            "key_name": "pbl",
            "latest_version": 1,
            "license_specification": [],
            "maintenance_options": [],
            "metadata_options": [],
            "monitoring": [],
            "name": "terraform-20221224104305109200000006",
            "name_prefix": "terraform-",
            "network_interfaces": [],
            "placement": [
              {
                "affinity": "",
                "availability_zone": "random_shuffle.az_list.result",
                "group_name": "",
                "host_id": "",
                "host_resource_group_arn": "",
                "partition_number": 0,
                "spread_domain": "",
                "tenancy": ""
              }
            ],
            "private_dns_name_options": [],
            "ram_disk_id": "",
            "security_group_names": null,
            "tag_specifications": [
              {
                "resource_type": "instance",
                "tags": {
                  "Name": "tooling-launch-template"
                }
              }
            ],
            "tags": null,
            "tags_all": {},
            "update_default_version": null,
            "user_data": "IyEvYmluL2Jhc2gNCm1rZGlyIC92YXIvd3d3Lw0Kc3VkbyBtb3VudCAtdCBlZnMgLW8gdGxzLGFjY2Vzc3BvaW50PWZzYXAtMDFjMTNhNDAxOWNhNTlkYmUgZnMtOGI1MDFkM2Y6LyAvdmFyL3d3dy8NCnl1bSBpbnN0YWxsIC15IGh0dHBkIA0Kc3lzdGVtY3RsIHN0YXJ0IGh0dHBkDQpzeXN0ZW1jdGwgZW5hYmxlIGh0dHBkDQp5dW0gbW9kdWxlIHJlc2V0IHBocCAteQ0KeXVtIG1vZHVsZSBlbmFibGUgcGhwOnJlbWktNy40IC15DQp5dW0gaW5zdGFsbCAteSBwaHAgcGhwLWNvbW1vbiBwaHAtbWJzdHJpbmcgcGhwLW9wY2FjaGUgcGhwLWludGwgcGhwLXhtbCBwaHAtZ2QgcGhwLWN1cmwgcGhwLW15c3FsbmQgcGhwLWZwbSBwaHAtanNvbg0Kc3lzdGVtY3RsIHN0YXJ0IHBocC1mcG0NCnN5c3RlbWN0bCBlbmFibGUgcGhwLWZwbQ0KZ2l0IGNsb25lIGh0dHBzOi8vZ2l0aHViLmNvbS9vcGV5ZW1pYWdiYWRlcm8vQUNTLXByb2plY3QtY29uZmlnLmdpdA0KbWtkaXIgL3Zhci93d3cvaHRtbA0KY3AgLVIgL3Rvb2xpbmctMS9odG1sLyogIC92YXIvd3d3L2h0bWwvDQpjZCAvdG9vbGluZy0xDQpteXNxbCAtaCBhY3MtZGF0YWJhc2UuY2RxcGJqa2V0aHYwLnVzLWVhc3QtMS5yZHMuYW1hem9uYXdzLmNvbSAtdSBBQ1NhZG1pbiAtcCB0b29saW5nZGIgPCB0b29saW5nLWRiLnNxbA0KY2QgL3Zhci93d3cvaHRtbC8NCnRvdWNoIGhlYWx0aHN0YXR1cw0Kc2VkIC1pICJzLyRkYiA9IG15c3FsaV9jb25uZWN0KCdteXNxbC50b29saW5nLnN2Yy5jbHVzdGVyLmxvY2FsJywgJ2FkbWluJywgJ2FkbWluJywgJ3Rvb2xpbmcnKTsvJGRiID0gbXlzcWxpX2Nvbm5lY3QoJ2Fjcy1kYXRhYmFzZS5jZHFwYmprZXRodjAudXMtZWFzdC0xLnJkcy5hbWF6b25hd3MuY29tICcsICdBQ1NhZG1pbicsICdhZG1pbjEyMzQ1JywgJ3Rvb2xpbmdkYicpOy9nIiBmdW5jdGlvbnMucGhwDQpjaGNvbiAtdCBodHRwZF9zeXNfcndfY29udGVudF90IC92YXIvd3d3L2h0bWwvIC1SDQpzeXN0ZW1jdGwgcmVzdGFydCBodHRwZA0KDQoNCg0KDQoNCg==",
            "vpc_security_group_ids": [
              "sg-03831ed42d2cd2d33"
            ]
          },
          "sensitive_attributes": [],
          "private": "bnVsbA==",
          "dependencies": [
            "module.VPC.aws_iam_instance_profile.ip",
            "module.VPC.aws_iam_role.ec2_instance_role",
            "module.VPC.aws_vpc.main",
            "module.security.aws_security_group.ACS"
          ],
          "create_before_destroy": true
        }
      ]
    },
    {
      "module": "module.AutoScaling",
      "mode": "managed",
      "type": "aws_launch_template",
      "name": "wordpress-launch-template",
      "provider": "provider[\"registry.terraform.io/hashicorp/aws\"]",
      "instances": [
        {
          "schema_version": 0,
          "attributes": {
            "arn": "arn:aws:ec2:us-east-1:847322602513:launch-template/lt-0a08397af12d06536",
            "block_device_mappings": [],
            "capacity_reservation_specification": [],
            "cpu_options": [],
            "credit_specification": [],
            "default_version": 1,
            "description": "",
            "disable_api_stop": false,
            "disable_api_termination": false,
            "ebs_optimized": "",
            "elastic_gpu_specifications": [],
            "elastic_inference_accelerator": [],
            "enclave_options": [],
            "hibernation_options": [],
            "iam_instance_profile": [
              {
                "arn": "",
                "name": "aws_instance_profile_test_terraform"
              }
            ],
            "id": "lt-0a08397af12d06536",
            "image_id": "ami-0149b2da6ceec4bb0",
            "instance_initiated_shutdown_behavior": "",
            "instance_market_options": [],
            "instance_requirements": [],
            "instance_type": "t2.micro",
            "kernel_id": "",
            "key_name": "pbl",
            "latest_version": 1,
            "license_specification": [],
            "maintenance_options": [],
            "metadata_options": [],
            "monitoring": [],
            "name": "terraform-20221224104305109200000008",
            "name_prefix": "terraform-",
            "network_interfaces": [],
            "placement": [
              {
                "affinity": "",
                "availability_zone": "random_shuffle.az_list.result",
                "group_name": "",
                "host_id": "",
                "host_resource_group_arn": "",
                "partition_number": 0,
                "spread_domain": "",
                "tenancy": ""
              }
            ],
            "private_dns_name_options": [],
            "ram_disk_id": "",
            "security_group_names": null,
            "tag_specifications": [
              {
                "resource_type": "instance",
                "tags": {
                  "Name": "wordpress-launch-template"
                }
              }
            ],
            "tags": null,
            "tags_all": {},
            "update_default_version": null,
            "user_data": "IyEvYmluL2Jhc2gNCm1rZGlyIC92YXIvd3d3Lw0Kc3VkbyBtb3VudCAtdCBlZnMgLW8gdGxzLGFjY2Vzc3BvaW50PWZzYXAtMGY5MzY0Njc5MzgzZmZiYzAgZnMtOGI1MDFkM2Y6LyAvdmFyL3d3dy8NCnl1bSBpbnN0YWxsIC15IGh0dHBkIA0Kc3lzdGVtY3RsIHN0YXJ0IGh0dHBkDQpzeXN0ZW1jdGwgZW5hYmxlIGh0dHBkDQp5dW0gbW9kdWxlIHJlc2V0IHBocCAteQ0KeXVtIG1vZHVsZSBlbmFibGUgcGhwOnJlbWktNy40IC15DQp5dW0gaW5zdGFsbCAteSBwaHAgcGhwLWNvbW1vbiBwaHAtbWJzdHJpbmcgcGhwLW9wY2FjaGUgcGhwLWludGwgcGhwLXhtbCBwaHAtZ2QgcGhwLWN1cmwgcGhwLW15c3FsbmQgcGhwLWZwbSBwaHAtanNvbg0Kc3lzdGVtY3RsIHN0YXJ0IHBocC1mcG0NCnN5c3RlbWN0bCBlbmFibGUgcGhwLWZwbQ0Kd2dldCBodHRwOi8vd29yZHByZXNzLm9yZy9sYXRlc3QudGFyLmd6DQp0YXIgeHp2ZiBsYXRlc3QudGFyLmd6DQpybSAtcmYgbGF0ZXN0LnRhci5neg0KY3Agd29yZHByZXNzL3dwLWNvbmZpZy1zYW1wbGUucGhwIHdvcmRwcmVzcy93cC1jb25maWcucGhwDQpta2RpciAvdmFyL3d3dy9odG1sLw0KY3AgLVIgL3dvcmRwcmVzcy8qIC92YXIvd3d3L2h0bWwvDQpjZCAvdmFyL3d3dy9odG1sLw0KdG91Y2ggaGVhbHRoc3RhdHVzDQpzZWQgLWkgInMvbG9jYWxob3N0L2Fjcy1kYXRhYmFzZS5jZHFwYmprZXRodjAudXMtZWFzdC0xLnJkcy5hbWF6b25hd3MuY29tL2ciIHdwLWNvbmZpZy5waHAgDQpzZWQgLWkgInMvdXNlcm5hbWVfaGVyZS9BQ1NhZG1pbi9nIiB3cC1jb25maWcucGhwIA0Kc2VkIC1pICJzL3Bhc3N3b3JkX2hlcmUvYWRtaW4xMjM0NS9nIiB3cC1jb25maWcucGhwIA0Kc2VkIC1pICJzL2RhdGFiYXNlX25hbWVfaGVyZS93b3JkcHJlc3NkYi9nIiB3cC1jb25maWcucGhwIA0KY2hjb24gLXQgaHR0cGRfc3lzX3J3X2NvbnRlbnRfdCAvdmFyL3d3dy9odG1sLyAtUg0Kc3lzdGVtY3RsIHJlc3RhcnQgaHR0cGQNCg0KDQoNCg0KDQoNCg0KDQoNCg==",
            "vpc_security_group_ids": [
              "sg-03831ed42d2cd2d33"
            ]
          },
          "sensitive_attributes": [],
          "private": "bnVsbA==",
          "dependencies": [
            "module.VPC.aws_iam_instance_profile.ip",
            "module.VPC.aws_iam_role.ec2_instance_role",
            "module.VPC.aws_vpc.main",
            "module.security.aws_security_group.ACS"
          ],
          "create_before_destroy": true
        }
      ]
    },
    {
      "module": "module.AutoScaling",
      "mode": "managed",
      "type": "aws_sns_topic",
      "name": "ACS-sns",
      "provider": "provider[\"registry.terraform.io/hashicorp/aws\"]",
      "instances": [
        {
          "schema_version": 0,
          "attributes": {
            "application_failure_feedback_role_arn": "",
            "application_success_feedback_role_arn": "",
            "application_success_feedback_sample_rate": 0,
            "arn": "arn:aws:sns:us-east-1:847322602513:Default_CloudWatch_Alarms_Topic",
            "content_based_deduplication": false,
            "delivery_policy": "",
            "display_name": "",
            "fifo_topic": false,
            "firehose_failure_feedback_role_arn": "",
            "firehose_success_feedback_role_arn": "",
            "firehose_success_feedback_sample_rate": 0,
            "http_failure_feedback_role_arn": "",
            "http_success_feedback_role_arn": "",
            "http_success_feedback_sample_rate": 0,
            "id": "arn:aws:sns:us-east-1:847322602513:Default_CloudWatch_Alarms_Topic",
            "kms_master_key_id": "",
            "lambda_failure_feedback_role_arn": "",
            "lambda_success_feedback_role_arn": "",
            "lambda_success_feedback_sample_rate": 0,
            "name": "Default_CloudWatch_Alarms_Topic",
            "name_prefix": "",
            "owner": "847322602513",
            "policy": "{\"Id\":\"__default_policy_ID\",\"Statement\":[{\"Action\":[\"SNS:GetTopicAttributes\",\"SNS:SetTopicAttributes\",\"SNS:AddPermission\",\"SNS:RemovePermission\",\"SNS:DeleteTopic\",\"SNS:Subscribe\",\"SNS:ListSubscriptionsByTopic\",\"SNS:Publish\"],\"Condition\":{\"StringEquals\":{\"AWS:SourceOwner\":\"847322602513\"}},\"Effect\":\"Allow\",\"Principal\":{\"AWS\":\"*\"},\"Resource\":\"arn:aws:sns:us-east-1:847322602513:Default_CloudWatch_Alarms_Topic\",\"Sid\":\"__default_statement_ID\"}],\"Version\":\"2008-10-17\"}",
            "sqs_failure_feedback_role_arn": "",
            "sqs_success_feedback_role_arn": "",
            "sqs_success_feedback_sample_rate": 0,
            "tags": null,
            "tags_all": {}
          },
          "sensitive_attributes": [],
          "private": "bnVsbA=="
        }
      ]
    },
    {
      "module": "module.AutoScaling",
      "mode": "managed",
      "type": "random_shuffle",
      "name": "az_list",
      "provider": "provider[\"registry.terraform.io/hashicorp/random\"]",
      "instances": [
        {
          "schema_version": 0,
          "attributes": {
            "id": "-",
            "input": [
              "us-east-1a",
              "us-east-1b",
              "us-east-1c",
              "us-east-1d",
              "us-east-1e",
              "us-east-1f"
            ],
            "keepers": null,
            "result": [
              "us-east-1a",
              "us-east-1c",
              "us-east-1d",
              "us-east-1e",
              "us-east-1f",
              "us-east-1b"
            ],
            "result_count": null,
            "seed": null
          },
          "sensitive_attributes": [],
          "dependencies": [
            "module.AutoScaling.data.aws_availability_zones.available"
          ]
        }
      ]
    },
    {
      "module": "module.EFS",
      "mode": "managed",
      "type": "aws_efs_access_point",
      "name": "tooling",
      "provider": "provider[\"registry.terraform.io/hashicorp/aws\"]",
      "instances": [
        {
          "schema_version": 0,
          "attributes": {
            "arn": "arn:aws:elasticfilesystem:us-east-1:847322602513:access-point/fsap-06b700d3e4d100766",
            "file_system_arn": "arn:aws:elasticfilesystem:us-east-1:847322602513:file-system/fs-040c699f690d8f41b",
            "file_system_id": "fs-040c699f690d8f41b",
            "id": "fsap-06b700d3e4d100766",
            "owner_id": "847322602513",
            "posix_user": [
              {
                "gid": 0,
                "secondary_gids": null,
                "uid": 0
              }
            ],
            "root_directory": [
              {
                "creation_info": [
                  {
                    "owner_gid": 0,
                    "owner_uid": 0,
                    "permissions": "755"
                  }
                ],
                "path": "/tooling"
              }
            ],
            "tags": null,
            "tags_all": {}
          },
          "sensitive_attributes": [],
          "private": "bnVsbA==",
          "dependencies": [
            "module.EFS.aws_efs_file_system.ACS-efs",
            "module.EFS.aws_kms_key.ACS-kms"
          ]
        }
      ]
    },
    {
      "module": "module.EFS",
      "mode": "managed",
      "type": "aws_efs_access_point",
      "name": "wordpress",
      "provider": "provider[\"registry.terraform.io/hashicorp/aws\"]",
      "instances": [
        {
          "schema_version": 0,
          "attributes": {
            "arn": "arn:aws:elasticfilesystem:us-east-1:847322602513:access-point/fsap-06a4d53286e75c981",
            "file_system_arn": "arn:aws:elasticfilesystem:us-east-1:847322602513:file-system/fs-040c699f690d8f41b",
            "file_system_id": "fs-040c699f690d8f41b",
            "id": "fsap-06a4d53286e75c981",
            "owner_id": "847322602513",
            "posix_user": [
              {
                "gid": 0,
                "secondary_gids": null,
                "uid": 0
              }
            ],
            "root_directory": [
              {
                "creation_info": [
                  {
                    "owner_gid": 0,
                    "owner_uid": 0,
                    "permissions": "755"
                  }
                ],
                "path": "/wordpress"
              }
            ],
            "tags": null,
            "tags_all": {}
          },
          "sensitive_attributes": [],
          "private": "bnVsbA==",
          "dependencies": [
            "module.EFS.aws_efs_file_system.ACS-efs",
            "module.EFS.aws_kms_key.ACS-kms"
          ]
        }
      ]
    },
    {
      "module": "module.EFS",
      "mode": "managed",
      "type": "aws_efs_file_system",
      "name": "ACS-efs",
      "provider": "provider[\"registry.terraform.io/hashicorp/aws\"]",
      "instances": [
        {
          "schema_version": 0,
          "attributes": {
            "arn": "arn:aws:elasticfilesystem:us-east-1:847322602513:file-system/fs-040c699f690d8f41b",
            "availability_zone_id": "",
            "availability_zone_name": "",
            "creation_token": "terraform-20221224104243102700000004",
            "dns_name": "fs-040c699f690d8f41b.efs.us-east-1.amazonaws.com",
            "encrypted": true,
            "id": "fs-040c699f690d8f41b",
            "kms_key_id": "arn:aws:kms:us-east-1:847322602513:key/e13800fd-053b-423c-99d2-746a8280a485",
            "lifecycle_policy": [],
            "number_of_mount_targets": 0,
            "owner_id": "847322602513",
            "performance_mode": "generalPurpose",
            "provisioned_throughput_in_mibps": 0,
            "size_in_bytes": [
              {
                "value": 6144,
                "value_in_ia": 0,
                "value_in_standard": 6144
              }
            ],
            "tags": {
              "Name": "ACS-file-system"
            },
            "tags_all": {
              "Name": "ACS-file-system"
            },
            "throughput_mode": "bursting"
          },
          "sensitive_attributes": [],
          "private": "bnVsbA==",
          "dependencies": [
            "module.EFS.aws_kms_key.ACS-kms"
          ]
        }
      ]
    },
    {
      "module": "module.EFS",
      "mode": "managed",
      "type": "aws_efs_mount_target",
      "name": "subnet-1",
      "provider": "provider[\"registry.terraform.io/hashicorp/aws\"]",
      "instances": [
        {
          "schema_version": 0,
          "attributes": {
            "availability_zone_id": "use1-az1",
            "availability_zone_name": "us-east-1a",
            "dns_name": "fs-040c699f690d8f41b.efs.us-east-1.amazonaws.com",
            "file_system_arn": "arn:aws:elasticfilesystem:us-east-1:847322602513:file-system/fs-040c699f690d8f41b",
            "file_system_id": "fs-040c699f690d8f41b",
            "id": "fsmt-0c5d2f3ea0130d4a1",
            "ip_address": "10.0.1.190",
            "mount_target_dns_name": "us-east-1a.fs-040c699f690d8f41b.efs.us-east-1.amazonaws.com",
            "network_interface_id": "eni-0117609fea762fbca",
            "owner_id": "847322602513",
            "security_groups": [
              "sg-03cb296de27e058c8"
            ],
            "subnet_id": "subnet-0b573736f5530a003"
          },
          "sensitive_attributes": [],
          "private": "bnVsbA==",
          "dependencies": [
            "module.EFS.aws_efs_file_system.ACS-efs",
            "module.EFS.aws_kms_key.ACS-kms",
            "module.VPC.aws_subnet.private",
            "module.VPC.aws_vpc.main",
            "module.VPC.data.aws_availability_zones.available",
            "module.security.aws_security_group.ACS"
          ]
        }
      ]
    },
    {
      "module": "module.EFS",
      "mode": "managed",
      "type": "aws_efs_mount_target",
      "name": "subnet-2",
      "provider": "provider[\"registry.terraform.io/hashicorp/aws\"]",
      "instances": [
        {
          "schema_version": 0,
          "attributes": {
            "availability_zone_id": "use1-az2",
            "availability_zone_name": "us-east-1b",
            "dns_name": "fs-040c699f690d8f41b.efs.us-east-1.amazonaws.com",
            "file_system_arn": "arn:aws:elasticfilesystem:us-east-1:847322602513:file-system/fs-040c699f690d8f41b",
            "file_system_id": "fs-040c699f690d8f41b",
            "id": "fsmt-0f2e4eae259f649ad",
            "ip_address": "10.0.3.218",
            "mount_target_dns_name": "us-east-1b.fs-040c699f690d8f41b.efs.us-east-1.amazonaws.com",
            "network_interface_id": "eni-0060baf6bafdc0763",
            "owner_id": "847322602513",
            "security_groups": [
              "sg-03cb296de27e058c8"
            ],
            "subnet_id": "subnet-0b1a1963b70f2a2ed"
          },
          "sensitive_attributes": [],
          "private": "bnVsbA==",
          "dependencies": [
            "module.EFS.aws_efs_file_system.ACS-efs",
            "module.EFS.aws_kms_key.ACS-kms",
            "module.VPC.aws_subnet.private",
            "module.VPC.aws_vpc.main",
            "module.VPC.data.aws_availability_zones.available",
            "module.security.aws_security_group.ACS"
          ]
        }
      ]
    },
    {
      "module": "module.EFS",
      "mode": "managed",
      "type": "aws_kms_alias",
      "name": "alias",
      "provider": "provider[\"registry.terraform.io/hashicorp/aws\"]",
      "instances": [
        {
          "schema_version": 0,
          "attributes": {
            "arn": "arn:aws:kms:us-east-1:847322602513:alias/20221224104243095500000003",
            "id": "alias/20221224104243095500000003",
            "name": "alias/20221224104243095500000003",
            "name_prefix": "alias/",
            "target_key_arn": "arn:aws:kms:us-east-1:847322602513:key/e13800fd-053b-423c-99d2-746a8280a485",
            "target_key_id": "e13800fd-053b-423c-99d2-746a8280a485"
          },
          "sensitive_attributes": [],
          "private": "bnVsbA==",
          "dependencies": [
            "module.EFS.aws_kms_key.ACS-kms"
          ]
        }
      ]
    },
    {
      "module": "module.EFS",
      "mode": "managed",
      "type": "aws_kms_key",
      "name": "ACS-kms",
      "provider": "provider[\"registry.terraform.io/hashicorp/aws\"]",
      "instances": [
        {
          "schema_version": 0,
          "attributes": {
            "arn": "arn:aws:kms:us-east-1:847322602513:key/e13800fd-053b-423c-99d2-746a8280a485",
            "bypass_policy_lockout_safety_check": false,
            "custom_key_store_id": "",
            "customer_master_key_spec": "SYMMETRIC_DEFAULT",
            "deletion_window_in_days": null,
            "description": "KMS key ",
            "enable_key_rotation": false,
            "id": "e13800fd-053b-423c-99d2-746a8280a485",
            "is_enabled": true,
            "key_id": "e13800fd-053b-423c-99d2-746a8280a485",
            "key_usage": "ENCRYPT_DECRYPT",
            "multi_region": false,
            "policy": "  {\r\n  \"Version\": \"2012-10-17\",\r\n  \"Id\": \"kms-key-policy\",\r\n  \"Statement\": [\r\n    {\r\n      \"Sid\": \"Enable IAM User Permissions\",\r\n      \"Effect\": \"Allow\",\r\n      \"Principal\": { \"AWS\": \"arn:aws:iam::847322602513:user/Olaoluwa\" },\r\n      \"Action\": \"kms:*\",\r\n      \"Resource\": \"*\"\r\n    }\r\n  ]\r\n}\r\n",
            "tags": null,
            "tags_all": {}
          },
          "sensitive_attributes": [],
          "private": "bnVsbA=="
        }
      ]
    },
    {
      "module": "module.RDS",
      "mode": "managed",
      "type": "aws_db_instance",
      "name": "ACS-rds",
      "provider": "provider[\"registry.terraform.io/hashicorp/aws\"]",
      "instances": [
        {
          "schema_version": 1,
          "attributes": {
            "address": "terraform-20221224104350535300000011.clcygbjeszcr.us-east-1.rds.amazonaws.com",
            "allocated_storage": 20,
            "allow_major_version_upgrade": null,
            "apply_immediately": false,
            "arn": "arn:aws:rds:us-east-1:847322602513:db:terraform-20221224104350535300000011",
            "auto_minor_version_upgrade": true,
            "availability_zone": "us-east-1c",
            "backup_retention_period": 0,
            "backup_window": "06:43-07:13",
            "blue_green_update": [],
            "ca_cert_identifier": "rds-ca-2019",
            "character_set_name": "",
            "copy_tags_to_snapshot": false,
            "custom_iam_instance_profile": "",
            "customer_owned_ip_enabled": false,
            "db_name": "opeyemidb",
            "db_subnet_group_name": "acs-rds",
            "delete_automated_backups": true,
            "deletion_protection": false,
            "domain": "",
            "domain_iam_role_name": "",
            "enabled_cloudwatch_logs_exports": null,
            "endpoint": "terraform-20221224104350535300000011.clcygbjeszcr.us-east-1.rds.amazonaws.com:3306",
            "engine": "mysql",
            "engine_version": "5.7",
            "engine_version_actual": "5.7.38",
            "final_snapshot_identifier": null,
            "hosted_zone_id": "Z2R2ITUGPM61AM",
            "iam_database_authentication_enabled": false,
            "id": "terraform-20221224104350535300000011",
            "identifier": "terraform-20221224104350535300000011",
            "identifier_prefix": "terraform-",
            "instance_class": "db.t2.micro",
            "iops": 0,
            "kms_key_id": "",
            "latest_restorable_time": "",
            "license_model": "general-public-license",
            "maintenance_window": "sun:09:51-sun:10:21",
            "max_allocated_storage": 0,
            "monitoring_interval": 0,
            "monitoring_role_arn": "",
            "multi_az": true,
            "name": "opeyemidb",
            "nchar_character_set_name": "",
            "network_type": "IPV4",
            "option_group_name": "default:mysql-5-7",
            "parameter_group_name": "default.mysql5.7",
            "password": "pblpblproject",
            "performance_insights_enabled": false,
            "performance_insights_kms_key_id": "",
            "performance_insights_retention_period": 0,
            "port": 3306,
            "publicly_accessible": false,
            "replica_mode": "",
            "replicas": [],
            "replicate_source_db": "",
            "resource_id": "db-6EHZWAX626S236BV4QLKLLCAZ4",
            "restore_to_point_in_time": [],
            "s3_import": [],
            "security_group_names": null,
            "skip_final_snapshot": true,
            "snapshot_identifier": null,
            "status": "available",
            "storage_encrypted": false,
            "storage_throughput": 0,
            "storage_type": "gp2",
            "tags": null,
            "tags_all": {},
            "timeouts": null,
            "timezone": "",
            "username": "opeyemi",
            "vpc_security_group_ids": [
              "sg-03cb296de27e058c8"
            ]
          },
          "sensitive_attributes": [],
          "private": "eyJlMmJmYjczMC1lY2FhLTExZTYtOGY4OC0zNDM2M2JjN2M0YzAiOnsiY3JlYXRlIjoyNDAwMDAwMDAwMDAwLCJkZWxldGUiOjM2MDAwMDAwMDAwMDAsInVwZGF0ZSI6NDgwMDAwMDAwMDAwMH0sInNjaGVtYV92ZXJzaW9uIjoiMSJ9",
          "dependencies": [
            "module.RDS.aws_db_subnet_group.ACS-rds",
            "module.VPC.aws_subnet.private",
            "module.VPC.aws_vpc.main",
            "module.VPC.data.aws_availability_zones.available",
            "module.security.aws_security_group.ACS"
          ]
        }
      ]
    },
    {
      "module": "module.RDS",
      "mode": "managed",
      "type": "aws_db_subnet_group",
      "name": "ACS-rds",
      "provider": "provider[\"registry.terraform.io/hashicorp/aws\"]",
      "instances": [
        {
          "schema_version": 0,
          "attributes": {
            "arn": "arn:aws:rds:us-east-1:847322602513:subgrp:acs-rds",
            "description": "Managed by Terraform",
            "id": "acs-rds",
            "name": "acs-rds",
            "name_prefix": "",
            "subnet_ids": [
              "subnet-044a707c91459d367",
              "subnet-0bce0a4636fc37c0f"
            ],
            "supported_network_types": [
              "IPV4"
            ],
            "tags": {
              "Name": "ACS-database"
            },
            "tags_all": {
              "Name": "ACS-database"
            }
          },
          "sensitive_attributes": [],
          "private": "bnVsbA==",
          "dependencies": [
            "module.VPC.aws_subnet.private",
            "module.VPC.aws_vpc.main",
            "module.VPC.data.aws_availability_zones.available"
          ]
        }
      ]
    },
    {
      "module": "module.VPC",
      "mode": "data",
      "type": "aws_availability_zones",
      "name": "available",
      "provider": "provider[\"registry.terraform.io/hashicorp/aws\"]",
      "instances": [
        {
          "schema_version": 0,
          "attributes": {
            "all_availability_zones": null,
            "exclude_names": null,
            "exclude_zone_ids": null,
            "filter": null,
            "group_names": [
              "us-east-1"
            ],
            "id": "us-east-1",
            "names": [
              "us-east-1a",
              "us-east-1b",
              "us-east-1c",
              "us-east-1d",
              "us-east-1e",
              "us-east-1f"
            ],
            "state": "available",
            "timeouts": null,
            "zone_ids": [
              "use1-az1",
              "use1-az2",
              "use1-az4",
              "use1-az6",
              "use1-az3",
              "use1-az5"
            ]
          },
          "sensitive_attributes": []
        }
      ]
    },
    {
      "module": "module.VPC",
      "mode": "managed",
      "type": "aws_eip",
      "name": "nat_eip",
      "provider": "provider[\"registry.terraform.io/hashicorp/aws\"]",
      "instances": [
        {
          "schema_version": 0,
          "attributes": {
            "address": null,
            "allocation_id": "eipalloc-0148ffb4ef98c9b45",
            "associate_with_private_ip": null,
            "association_id": "",
            "carrier_ip": "",
            "customer_owned_ip": "",
            "customer_owned_ipv4_pool": "",
            "domain": "vpc",
            "id": "eipalloc-0148ffb4ef98c9b45",
            "instance": "",
            "network_border_group": "us-east-1",
            "network_interface": "",
            "private_dns": null,
            "private_ip": "",
            "public_dns": "ec2-34-235-249-84.compute-1.amazonaws.com",
            "public_ip": "34.235.249.84",
            "public_ipv4_pool": "amazon",
            "tags": {
              "Name": "ACS-EIP-true"
            },
            "tags_all": {
              "Name": "ACS-EIP-true"
            },
            "timeouts": null,
            "vpc": true
          },
          "sensitive_attributes": [],
          "private": "eyJlMmJmYjczMC1lY2FhLTExZTYtOGY4OC0zNDM2M2JjN2M0YzAiOnsiZGVsZXRlIjoxODAwMDAwMDAwMDAsInJlYWQiOjkwMDAwMDAwMDAwMCwidXBkYXRlIjozMDAwMDAwMDAwMDB9fQ==",
          "dependencies": [
            "module.VPC.aws_internet_gateway.ig",
            "module.VPC.aws_vpc.main"
          ]
        }
      ]
    },
    {
      "module": "module.VPC",
      "mode": "managed",
      "type": "aws_iam_instance_profile",
      "name": "ip",
      "provider": "provider[\"registry.terraform.io/hashicorp/aws\"]",
      "instances": [
        {
          "schema_version": 0,
          "attributes": {
            "arn": "arn:aws:iam::847322602513:instance-profile/aws_instance_profile_test_terraform",
            "create_date": "2022-12-24T10:42:39Z",
            "id": "aws_instance_profile_test_terraform",
            "name": "aws_instance_profile_test_terraform",
            "name_prefix": null,
            "path": "/",
            "role": "ec2_instance_role",
            "tags": null,
            "tags_all": {},
            "unique_id": "AIPA4KSC43QI6YP4YJNIX"
          },
          "sensitive_attributes": [],
          "private": "bnVsbA==",
          "dependencies": [
            "module.VPC.aws_iam_role.ec2_instance_role"
          ],
          "create_before_destroy": true
        }
      ]
    },
    {
      "module": "module.VPC",
      "mode": "managed",
      "type": "aws_iam_policy",
      "name": "policy",
      "provider": "provider[\"registry.terraform.io/hashicorp/aws\"]",
      "instances": [
        {
          "schema_version": 0,
          "attributes": {
            "arn": "arn:aws:iam::847322602513:policy/ec2_instance_policy_terraform",
            "description": "A test policy",
            "id": "arn:aws:iam::847322602513:policy/ec2_instance_policy_terraform",
            "name": "ec2_instance_policy_terraform",
            "name_prefix": null,
            "path": "/",
            "policy": "{\"Statement\":[{\"Action\":[\"ec2:Describe*\"],\"Effect\":\"Allow\",\"Resource\":\"*\"}],\"Version\":\"2012-10-17\"}",
            "policy_id": "ANPA4KSC43QIWZ2SZY3CN",
            "tags": {
              "Environment": "true",
              "Name": "aws assume policy"
            },
            "tags_all": {
              "Environment": "true",
              "Name": "aws assume policy"
            }
          },
          "sensitive_attributes": [],
          "private": "bnVsbA=="
        }
      ]
    },
    {
      "module": "module.VPC",
      "mode": "managed",
      "type": "aws_iam_role",
      "name": "ec2_instance_role",
      "provider": "provider[\"registry.terraform.io/hashicorp/aws\"]",
      "instances": [
        {
          "schema_version": 0,
          "attributes": {
            "arn": "arn:aws:iam::847322602513:role/ec2_instance_role",
            "assume_role_policy": "{\"Statement\":[{\"Action\":\"sts:AssumeRole\",\"Effect\":\"Allow\",\"Principal\":{\"Service\":\"ec2.amazonaws.com\"},\"Sid\":\"\"}],\"Version\":\"2012-10-17\"}",
            "create_date": "2022-12-24T10:42:37Z",
            "description": "",
            "force_detach_policies": false,
            "id": "ec2_instance_role",
            "inline_policy": [],
            "managed_policy_arns": [],
            "max_session_duration": 3600,
            "name": "ec2_instance_role",
            "name_prefix": "",
            "path": "/",
            "permissions_boundary": null,
            "tags": {
              "Environment": "true",
              "Name": "aws assume role"
            },
            "tags_all": {
              "Environment": "true",
              "Name": "aws assume role"
            },
            "unique_id": "AROA4KSC43QI2M5ZKO6YV"
          },
          "sensitive_attributes": [],
          "private": "bnVsbA==",
          "create_before_destroy": true
        }
      ]
    },
    {
      "module": "module.VPC",
      "mode": "managed",
      "type": "aws_iam_role_policy_attachment",
      "name": "test-attach",
      "provider": "provider[\"registry.terraform.io/hashicorp/aws\"]",
      "instances": [
        {
          "schema_version": 0,
          "attributes": {
            "id": "ec2_instance_role-20221224104238208600000002",
            "policy_arn": "arn:aws:iam::847322602513:policy/ec2_instance_policy_terraform",
            "role": "ec2_instance_role"
          },
          "sensitive_attributes": [],
          "private": "bnVsbA==",
          "dependencies": [
            "module.VPC.aws_iam_policy.policy",
            "module.VPC.aws_iam_role.ec2_instance_role"
          ]
        }
      ]
    },
    {
      "module": "module.VPC",
      "mode": "managed",
      "type": "aws_internet_gateway",
      "name": "ig",
      "provider": "provider[\"registry.terraform.io/hashicorp/aws\"]",
      "instances": [
        {
          "schema_version": 0,
          "attributes": {
            "arn": "arn:aws:ec2:us-east-1:847322602513:internet-gateway/igw-0254ac7e289e01c4d",
            "id": "igw-0254ac7e289e01c4d",
            "owner_id": "847322602513",
            "tags": {
              "Name": "ACS-vpc-0604f8b4ac2e1dce7-IG!"
            },
            "tags_all": {
              "Name": "ACS-vpc-0604f8b4ac2e1dce7-IG!"
            },
            "timeouts": null,
            "vpc_id": "vpc-0604f8b4ac2e1dce7"
          },
          "sensitive_attributes": [],
          "private": "eyJlMmJmYjczMC1lY2FhLTExZTYtOGY4OC0zNDM2M2JjN2M0YzAiOnsiY3JlYXRlIjoxMjAwMDAwMDAwMDAwLCJkZWxldGUiOjEyMDAwMDAwMDAwMDAsInVwZGF0ZSI6MTIwMDAwMDAwMDAwMH19",
          "dependencies": [
            "module.VPC.aws_vpc.main"
          ]
        }
      ]
    },
    {
      "module": "module.VPC",
      "mode": "managed",
      "type": "aws_nat_gateway",
      "name": "nat",
      "provider": "provider[\"registry.terraform.io/hashicorp/aws\"]",
      "instances": [
        {
          "schema_version": 0,
          "attributes": {
            "allocation_id": "eipalloc-0148ffb4ef98c9b45",
            "connectivity_type": "public",
            "id": "nat-027eb39136caf8796",
            "network_interface_id": "eni-0a644f40aaaa9f0a7",
            "private_ip": "10.0.2.216",
            "public_ip": "34.235.249.84",
            "subnet_id": "subnet-03081dc7285feac78",
            "tags": {
              "Name": "ACS-Nat-true"
            },
            "tags_all": {
              "Name": "ACS-Nat-true"
            }
          },
          "sensitive_attributes": [],
          "private": "bnVsbA==",
          "dependencies": [
            "module.VPC.aws_eip.nat_eip",
            "module.VPC.aws_internet_gateway.ig",
            "module.VPC.aws_subnet.public",
            "module.VPC.aws_vpc.main",
            "module.VPC.data.aws_availability_zones.available"
          ]
        }
      ]
    },
    {
      "module": "module.VPC",
      "mode": "managed",
      "type": "aws_route",
      "name": "private-rtb-route",
      "provider": "provider[\"registry.terraform.io/hashicorp/aws\"]",
      "instances": [
        {
          "schema_version": 0,
          "attributes": {
            "carrier_gateway_id": "",
            "core_network_arn": "",
            "destination_cidr_block": "0.0.0.0/0",
            "destination_ipv6_cidr_block": "",
            "destination_prefix_list_id": "",
            "egress_only_gateway_id": "",
            "gateway_id": "",
            "id": "r-rtb-0b30ff590575c794f1080289494",
            "instance_id": "",
            "instance_owner_id": "",
            "local_gateway_id": "",
            "nat_gateway_id": "nat-027eb39136caf8796",
            "network_interface_id": "",
            "origin": "CreateRoute",
            "route_table_id": "rtb-0b30ff590575c794f",
            "state": "active",
            "timeouts": null,
            "transit_gateway_id": "",
            "vpc_endpoint_id": "",
            "vpc_peering_connection_id": ""
          },
          "sensitive_attributes": [],
          "private": "eyJlMmJmYjczMC1lY2FhLTExZTYtOGY4OC0zNDM2M2JjN2M0YzAiOnsiY3JlYXRlIjozMDAwMDAwMDAwMDAsImRlbGV0ZSI6MzAwMDAwMDAwMDAwLCJ1cGRhdGUiOjEyMDAwMDAwMDAwMH19",
          "dependencies": [
            "module.VPC.aws_eip.nat_eip",
            "module.VPC.aws_internet_gateway.ig",
            "module.VPC.aws_nat_gateway.nat",
            "module.VPC.aws_route_table.private-rtb",
            "module.VPC.aws_subnet.public",
            "module.VPC.aws_vpc.main",
            "module.VPC.data.aws_availability_zones.available"
          ]
        }
      ]
    },
    {
      "module": "module.VPC",
      "mode": "managed",
      "type": "aws_route",
      "name": "public-rtb-route",
      "provider": "provider[\"registry.terraform.io/hashicorp/aws\"]",
      "instances": [
        {
          "schema_version": 0,
          "attributes": {
            "carrier_gateway_id": "",
            "core_network_arn": "",
            "destination_cidr_block": "0.0.0.0/0",
            "destination_ipv6_cidr_block": "",
            "destination_prefix_list_id": "",
            "egress_only_gateway_id": "",
            "gateway_id": "igw-0254ac7e289e01c4d",
            "id": "r-rtb-0cb13928dbf9f85f91080289494",
            "instance_id": "",
            "instance_owner_id": "",
            "local_gateway_id": "",
            "nat_gateway_id": "",
            "network_interface_id": "",
            "origin": "CreateRoute",
            "route_table_id": "rtb-0cb13928dbf9f85f9",
            "state": "active",
            "timeouts": null,
            "transit_gateway_id": "",
            "vpc_endpoint_id": "",
            "vpc_peering_connection_id": ""
          },
          "sensitive_attributes": [],
          "private": "eyJlMmJmYjczMC1lY2FhLTExZTYtOGY4OC0zNDM2M2JjN2M0YzAiOnsiY3JlYXRlIjozMDAwMDAwMDAwMDAsImRlbGV0ZSI6MzAwMDAwMDAwMDAwLCJ1cGRhdGUiOjEyMDAwMDAwMDAwMH19",
          "dependencies": [
            "module.VPC.aws_internet_gateway.ig",
            "module.VPC.aws_route_table.public-rtb",
            "module.VPC.aws_vpc.main"
          ]
        }
      ]
    },
    {
      "module": "module.VPC",
      "mode": "managed",
      "type": "aws_route_table",
      "name": "private-rtb",
      "provider": "provider[\"registry.terraform.io/hashicorp/aws\"]",
      "instances": [
        {
          "schema_version": 0,
          "attributes": {
            "arn": "arn:aws:ec2:us-east-1:847322602513:route-table/rtb-0b30ff590575c794f",
            "id": "rtb-0b30ff590575c794f",
            "owner_id": "847322602513",
            "propagating_vgws": [],
            "route": [],
            "tags": {
              "Name": "ACS-Private-Route-Table-true"
            },
            "tags_all": {
              "Name": "ACS-Private-Route-Table-true"
            },
            "timeouts": null,
            "vpc_id": "vpc-0604f8b4ac2e1dce7"
          },
          "sensitive_attributes": [],
          "private": "eyJlMmJmYjczMC1lY2FhLTExZTYtOGY4OC0zNDM2M2JjN2M0YzAiOnsiY3JlYXRlIjozMDAwMDAwMDAwMDAsImRlbGV0ZSI6MzAwMDAwMDAwMDAwLCJ1cGRhdGUiOjEyMDAwMDAwMDAwMH19",
          "dependencies": [
            "module.VPC.aws_vpc.main"
          ]
        }
      ]
    },
    {
      "module": "module.VPC",
      "mode": "managed",
      "type": "aws_route_table",
      "name": "public-rtb",
      "provider": "provider[\"registry.terraform.io/hashicorp/aws\"]",
      "instances": [
        {
          "schema_version": 0,
          "attributes": {
            "arn": "arn:aws:ec2:us-east-1:847322602513:route-table/rtb-0cb13928dbf9f85f9",
            "id": "rtb-0cb13928dbf9f85f9",
            "owner_id": "847322602513",
            "propagating_vgws": [],
            "route": [],
            "tags": {
              "Name": "ACS-Public-Route-Table-true"
            },
            "tags_all": {
              "Name": "ACS-Public-Route-Table-true"
            },
            "timeouts": null,
            "vpc_id": "vpc-0604f8b4ac2e1dce7"
          },
          "sensitive_attributes": [],
          "private": "eyJlMmJmYjczMC1lY2FhLTExZTYtOGY4OC0zNDM2M2JjN2M0YzAiOnsiY3JlYXRlIjozMDAwMDAwMDAwMDAsImRlbGV0ZSI6MzAwMDAwMDAwMDAwLCJ1cGRhdGUiOjEyMDAwMDAwMDAwMH19",
          "dependencies": [
            "module.VPC.aws_vpc.main"
          ]
        }
      ]
    },
    {
      "module": "module.VPC",
      "mode": "managed",
      "type": "aws_route_table_association",
      "name": "private-subnets-assoc",
      "provider": "provider[\"registry.terraform.io/hashicorp/aws\"]",
      "instances": [
        {
          "index_key": 0,
          "schema_version": 0,
          "attributes": {
            "gateway_id": "",
            "id": "rtbassoc-02726e04d97c72aa3",
            "route_table_id": "rtb-0b30ff590575c794f",
            "subnet_id": "subnet-0b573736f5530a003"
          },
          "sensitive_attributes": [],
          "private": "bnVsbA==",
          "dependencies": [
            "module.VPC.aws_route_table.private-rtb",
            "module.VPC.aws_subnet.private",
            "module.VPC.aws_vpc.main",
            "module.VPC.data.aws_availability_zones.available"
          ]
        },
        {
          "index_key": 1,
          "schema_version": 0,
          "attributes": {
            "gateway_id": "",
            "id": "rtbassoc-0cd3b7a9c9bc196e9",
            "route_table_id": "rtb-0b30ff590575c794f",
            "subnet_id": "subnet-0b1a1963b70f2a2ed"
          },
          "sensitive_attributes": [],
          "private": "bnVsbA==",
          "dependencies": [
            "module.VPC.aws_route_table.private-rtb",
            "module.VPC.aws_subnet.private",
            "module.VPC.aws_vpc.main",
            "module.VPC.data.aws_availability_zones.available"
          ]
        },
        {
          "index_key": 2,
          "schema_version": 0,
          "attributes": {
            "gateway_id": "",
            "id": "rtbassoc-09164f49a384ac8f3",
            "route_table_id": "rtb-0b30ff590575c794f",
            "subnet_id": "subnet-0bce0a4636fc37c0f"
          },
          "sensitive_attributes": [],
          "private": "bnVsbA==",
          "dependencies": [
            "module.VPC.aws_route_table.private-rtb",
            "module.VPC.aws_subnet.private",
            "module.VPC.aws_vpc.main",
            "module.VPC.data.aws_availability_zones.available"
          ]
        },
        {
          "index_key": 3,
          "schema_version": 0,
          "attributes": {
            "gateway_id": "",
            "id": "rtbassoc-05135da8bb711b7d2",
            "route_table_id": "rtb-0b30ff590575c794f",
            "subnet_id": "subnet-044a707c91459d367"
          },
          "sensitive_attributes": [],
          "private": "bnVsbA==",
          "dependencies": [
            "module.VPC.aws_route_table.private-rtb",
            "module.VPC.aws_subnet.private",
            "module.VPC.aws_vpc.main",
            "module.VPC.data.aws_availability_zones.available"
          ]
        }
      ]
    },
    {
      "module": "module.VPC",
      "mode": "managed",
      "type": "aws_route_table_association",
      "name": "public-subnets-assoc",
      "provider": "provider[\"registry.terraform.io/hashicorp/aws\"]",
      "instances": [
        {
          "index_key": 0,
          "schema_version": 0,
          "attributes": {
            "gateway_id": "",
            "id": "rtbassoc-0d43d8018e58ecf2d",
            "route_table_id": "rtb-0cb13928dbf9f85f9",
            "subnet_id": "subnet-03081dc7285feac78"
          },
          "sensitive_attributes": [],
          "private": "bnVsbA==",
          "dependencies": [
            "module.VPC.aws_route_table.public-rtb",
            "module.VPC.aws_subnet.public",
            "module.VPC.aws_vpc.main",
            "module.VPC.data.aws_availability_zones.available"
          ]
        },
        {
          "index_key": 1,
          "schema_version": 0,
          "attributes": {
            "gateway_id": "",
            "id": "rtbassoc-0417f6cda7e57ec82",
            "route_table_id": "rtb-0cb13928dbf9f85f9",
            "subnet_id": "subnet-0328d3015dc178e01"
          },
          "sensitive_attributes": [],
          "private": "bnVsbA==",
          "dependencies": [
            "module.VPC.aws_route_table.public-rtb",
            "module.VPC.aws_subnet.public",
            "module.VPC.aws_vpc.main",
            "module.VPC.data.aws_availability_zones.available"
          ]
        }
      ]
    },
    {
      "module": "module.VPC",
      "mode": "managed",
      "type": "aws_subnet",
      "name": "private",
      "provider": "provider[\"registry.terraform.io/hashicorp/aws\"]",
      "instances": [
        {
          "index_key": 0,
          "schema_version": 1,
          "attributes": {
            "arn": "arn:aws:ec2:us-east-1:847322602513:subnet/subnet-0b573736f5530a003",
            "assign_ipv6_address_on_creation": false,
            "availability_zone": "us-east-1a",
            "availability_zone_id": "use1-az1",
            "cidr_block": "10.0.1.0/24",
            "customer_owned_ipv4_pool": "",
            "enable_dns64": false,
            "enable_resource_name_dns_a_record_on_launch": false,
            "enable_resource_name_dns_aaaa_record_on_launch": false,
            "id": "subnet-0b573736f5530a003",
            "ipv6_cidr_block": "",
            "ipv6_cidr_block_association_id": "",
            "ipv6_native": false,
            "map_customer_owned_ip_on_launch": false,
            "map_public_ip_on_launch": true,
            "outpost_arn": "",
            "owner_id": "847322602513",
            "private_dns_hostname_type_on_launch": "ip-name",
            "tags": {
              "Name": "ACS-PrivateSubnet-0"
            },
            "tags_all": {
              "Name": "ACS-PrivateSubnet-0"
            },
            "timeouts": null,
            "vpc_id": "vpc-0604f8b4ac2e1dce7"
          },
          "sensitive_attributes": [],
          "private": "eyJlMmJmYjczMC1lY2FhLTExZTYtOGY4OC0zNDM2M2JjN2M0YzAiOnsiY3JlYXRlIjo2MDAwMDAwMDAwMDAsImRlbGV0ZSI6MTIwMDAwMDAwMDAwMH0sInNjaGVtYV92ZXJzaW9uIjoiMSJ9",
          "dependencies": [
            "module.VPC.aws_vpc.main",
            "module.VPC.data.aws_availability_zones.available"
          ]
        },
        {
          "index_key": 1,
          "schema_version": 1,
          "attributes": {
            "arn": "arn:aws:ec2:us-east-1:847322602513:subnet/subnet-0b1a1963b70f2a2ed",
            "assign_ipv6_address_on_creation": false,
            "availability_zone": "us-east-1b",
            "availability_zone_id": "use1-az2",
            "cidr_block": "10.0.3.0/24",
            "customer_owned_ipv4_pool": "",
            "enable_dns64": false,
            "enable_resource_name_dns_a_record_on_launch": false,
            "enable_resource_name_dns_aaaa_record_on_launch": false,
            "id": "subnet-0b1a1963b70f2a2ed",
            "ipv6_cidr_block": "",
            "ipv6_cidr_block_association_id": "",
            "ipv6_native": false,
            "map_customer_owned_ip_on_launch": false,
            "map_public_ip_on_launch": true,
            "outpost_arn": "",
            "owner_id": "847322602513",
            "private_dns_hostname_type_on_launch": "ip-name",
            "tags": {
              "Name": "ACS-PrivateSubnet-1"
            },
            "tags_all": {
              "Name": "ACS-PrivateSubnet-1"
            },
            "timeouts": null,
            "vpc_id": "vpc-0604f8b4ac2e1dce7"
          },
          "sensitive_attributes": [],
          "private": "eyJlMmJmYjczMC1lY2FhLTExZTYtOGY4OC0zNDM2M2JjN2M0YzAiOnsiY3JlYXRlIjo2MDAwMDAwMDAwMDAsImRlbGV0ZSI6MTIwMDAwMDAwMDAwMH0sInNjaGVtYV92ZXJzaW9uIjoiMSJ9",
          "dependencies": [
            "module.VPC.aws_vpc.main",
            "module.VPC.data.aws_availability_zones.available"
          ]
        },
        {
          "index_key": 2,
          "schema_version": 1,
          "attributes": {
            "arn": "arn:aws:ec2:us-east-1:847322602513:subnet/subnet-0bce0a4636fc37c0f",
            "assign_ipv6_address_on_creation": false,
            "availability_zone": "us-east-1c",
            "availability_zone_id": "use1-az4",
            "cidr_block": "10.0.5.0/24",
            "customer_owned_ipv4_pool": "",
            "enable_dns64": false,
            "enable_resource_name_dns_a_record_on_launch": false,
            "enable_resource_name_dns_aaaa_record_on_launch": false,
            "id": "subnet-0bce0a4636fc37c0f",
            "ipv6_cidr_block": "",
            "ipv6_cidr_block_association_id": "",
            "ipv6_native": false,
            "map_customer_owned_ip_on_launch": false,
            "map_public_ip_on_launch": true,
            "outpost_arn": "",
            "owner_id": "847322602513",
            "private_dns_hostname_type_on_launch": "ip-name",
            "tags": {
              "Name": "ACS-PrivateSubnet-2"
            },
            "tags_all": {
              "Name": "ACS-PrivateSubnet-2"
            },
            "timeouts": null,
            "vpc_id": "vpc-0604f8b4ac2e1dce7"
          },
          "sensitive_attributes": [],
          "private": "eyJlMmJmYjczMC1lY2FhLTExZTYtOGY4OC0zNDM2M2JjN2M0YzAiOnsiY3JlYXRlIjo2MDAwMDAwMDAwMDAsImRlbGV0ZSI6MTIwMDAwMDAwMDAwMH0sInNjaGVtYV92ZXJzaW9uIjoiMSJ9",
          "dependencies": [
            "module.VPC.aws_vpc.main",
            "module.VPC.data.aws_availability_zones.available"
          ]
        },
        {
          "index_key": 3,
          "schema_version": 1,
          "attributes": {
            "arn": "arn:aws:ec2:us-east-1:847322602513:subnet/subnet-044a707c91459d367",
            "assign_ipv6_address_on_creation": false,
            "availability_zone": "us-east-1d",
            "availability_zone_id": "use1-az6",
            "cidr_block": "10.0.7.0/24",
            "customer_owned_ipv4_pool": "",
            "enable_dns64": false,
            "enable_resource_name_dns_a_record_on_launch": false,
            "enable_resource_name_dns_aaaa_record_on_launch": false,
            "id": "subnet-044a707c91459d367",
            "ipv6_cidr_block": "",
            "ipv6_cidr_block_association_id": "",
            "ipv6_native": false,
            "map_customer_owned_ip_on_launch": false,
            "map_public_ip_on_launch": true,
            "outpost_arn": "",
            "owner_id": "847322602513",
            "private_dns_hostname_type_on_launch": "ip-name",
            "tags": {
              "Name": "ACS-PrivateSubnet-3"
            },
            "tags_all": {
              "Name": "ACS-PrivateSubnet-3"
            },
            "timeouts": null,
            "vpc_id": "vpc-0604f8b4ac2e1dce7"
          },
          "sensitive_attributes": [],
          "private": "eyJlMmJmYjczMC1lY2FhLTExZTYtOGY4OC0zNDM2M2JjN2M0YzAiOnsiY3JlYXRlIjo2MDAwMDAwMDAwMDAsImRlbGV0ZSI6MTIwMDAwMDAwMDAwMH0sInNjaGVtYV92ZXJzaW9uIjoiMSJ9",
          "dependencies": [
            "module.VPC.aws_vpc.main",
            "module.VPC.data.aws_availability_zones.available"
          ]
        }
      ]
    },
    {
      "module": "module.VPC",
      "mode": "managed",
      "type": "aws_subnet",
      "name": "public",
      "provider": "provider[\"registry.terraform.io/hashicorp/aws\"]",
      "instances": [
        {
          "index_key": 0,
          "schema_version": 1,
          "attributes": {
            "arn": "arn:aws:ec2:us-east-1:847322602513:subnet/subnet-03081dc7285feac78",
            "assign_ipv6_address_on_creation": false,
            "availability_zone": "us-east-1a",
            "availability_zone_id": "use1-az1",
            "cidr_block": "10.0.2.0/24",
            "customer_owned_ipv4_pool": "",
            "enable_dns64": false,
            "enable_resource_name_dns_a_record_on_launch": false,
            "enable_resource_name_dns_aaaa_record_on_launch": false,
            "id": "subnet-03081dc7285feac78",
            "ipv6_cidr_block": "",
            "ipv6_cidr_block_association_id": "",
            "ipv6_native": false,
            "map_customer_owned_ip_on_launch": false,
            "map_public_ip_on_launch": true,
            "outpost_arn": "",
            "owner_id": "847322602513",
            "private_dns_hostname_type_on_launch": "ip-name",
            "tags": {
              "Name": "ACS-PublicSubnet-0"
            },
            "tags_all": {
              "Name": "ACS-PublicSubnet-0"
            },
            "timeouts": null,
            "vpc_id": "vpc-0604f8b4ac2e1dce7"
          },
          "sensitive_attributes": [],
          "private": "eyJlMmJmYjczMC1lY2FhLTExZTYtOGY4OC0zNDM2M2JjN2M0YzAiOnsiY3JlYXRlIjo2MDAwMDAwMDAwMDAsImRlbGV0ZSI6MTIwMDAwMDAwMDAwMH0sInNjaGVtYV92ZXJzaW9uIjoiMSJ9",
          "dependencies": [
            "module.VPC.aws_vpc.main",
            "module.VPC.data.aws_availability_zones.available"
          ]
        },
        {
          "index_key": 1,
          "schema_version": 1,
          "attributes": {
            "arn": "arn:aws:ec2:us-east-1:847322602513:subnet/subnet-0328d3015dc178e01",
            "assign_ipv6_address_on_creation": false,
            "availability_zone": "us-east-1b",
            "availability_zone_id": "use1-az2",
            "cidr_block": "10.0.4.0/24",
            "customer_owned_ipv4_pool": "",
            "enable_dns64": false,
            "enable_resource_name_dns_a_record_on_launch": false,
            "enable_resource_name_dns_aaaa_record_on_launch": false,
            "id": "subnet-0328d3015dc178e01",
            "ipv6_cidr_block": "",
            "ipv6_cidr_block_association_id": "",
            "ipv6_native": false,
            "map_customer_owned_ip_on_launch": false,
            "map_public_ip_on_launch": true,
            "outpost_arn": "",
            "owner_id": "847322602513",
            "private_dns_hostname_type_on_launch": "ip-name",
            "tags": {
              "Name": "ACS-PublicSubnet-1"
            },
            "tags_all": {
              "Name": "ACS-PublicSubnet-1"
            },
            "timeouts": null,
            "vpc_id": "vpc-0604f8b4ac2e1dce7"
          },
          "sensitive_attributes": [],
          "private": "eyJlMmJmYjczMC1lY2FhLTExZTYtOGY4OC0zNDM2M2JjN2M0YzAiOnsiY3JlYXRlIjo2MDAwMDAwMDAwMDAsImRlbGV0ZSI6MTIwMDAwMDAwMDAwMH0sInNjaGVtYV92ZXJzaW9uIjoiMSJ9",
          "dependencies": [
            "module.VPC.aws_vpc.main",
            "module.VPC.data.aws_availability_zones.available"
          ]
        }
      ]
    },
    {
      "module": "module.VPC",
      "mode": "managed",
      "type": "aws_vpc",
      "name": "main",
      "provider": "provider[\"registry.terraform.io/hashicorp/aws\"]",
      "instances": [
        {
          "schema_version": 1,
          "attributes": {
            "arn": "arn:aws:ec2:us-east-1:847322602513:vpc/vpc-0604f8b4ac2e1dce7",
            "assign_generated_ipv6_cidr_block": false,
            "cidr_block": "10.0.0.0/16",
            "default_network_acl_id": "acl-0f7ca83ba214dc1d8",
            "default_route_table_id": "rtb-066631a9abc1f3259",
            "default_security_group_id": "sg-002345934bd380ba9",
            "dhcp_options_id": "dopt-032bdd9b1a3ac5dd7",
            "enable_classiclink": false,
            "enable_classiclink_dns_support": true,
            "enable_dns_hostnames": true,
            "enable_dns_support": true,
            "enable_network_address_usage_metrics": false,
            "id": "vpc-0604f8b4ac2e1dce7",
            "instance_tenancy": "default",
            "ipv4_ipam_pool_id": null,
            "ipv4_netmask_length": null,
            "ipv6_association_id": "",
            "ipv6_cidr_block": "",
            "ipv6_cidr_block_network_border_group": "",
            "ipv6_ipam_pool_id": "",
            "ipv6_netmask_length": 0,
            "main_route_table_id": "rtb-066631a9abc1f3259",
            "owner_id": "847322602513",
            "tags": {
              "Name": "ACS-VPC"
            },
            "tags_all": {
              "Name": "ACS-VPC"
            }
          },
          "sensitive_attributes": [],
          "private": "eyJzY2hlbWFfdmVyc2lvbiI6IjEifQ==",
          "create_before_destroy": true
        }
      ]
    },
    {
      "module": "module.compute",
      "mode": "managed",
      "type": "aws_instance",
      "name": "Jenkins",
      "provider": "provider[\"registry.terraform.io/hashicorp/aws\"]",
      "instances": [
        {
          "schema_version": 1,
          "attributes": {
            "ami": "ami-0149b2da6ceec4bb0",
            "arn": "arn:aws:ec2:us-east-1:847322602513:instance/i-063c663a4d7e5e9ff",
            "associate_public_ip_address": true,
            "availability_zone": "us-east-1a",
            "capacity_reservation_specification": [
              {
                "capacity_reservation_preference": "open",
                "capacity_reservation_target": []
              }
            ],
            "cpu_core_count": 1,
            "cpu_threads_per_core": 1,
            "credit_specification": [
              {
                "cpu_credits": "standard"
              }
            ],
            "disable_api_stop": false,
            "disable_api_termination": false,
            "ebs_block_device": [],
            "ebs_optimized": false,
            "enclave_options": [
              {
                "enabled": false
              }
            ],
            "ephemeral_block_device": [],
            "get_password_data": false,
            "hibernation": false,
            "host_id": null,
            "host_resource_group_arn": null,
            "iam_instance_profile": "",
            "id": "i-063c663a4d7e5e9ff",
            "instance_initiated_shutdown_behavior": "stop",
            "instance_state": "running",
            "instance_type": "t2.micro",
            "ipv6_address_count": 0,
            "ipv6_addresses": [],
            "key_name": "pbl",
            "launch_template": [],
            "maintenance_options": [
              {
                "auto_recovery": "default"
              }
            ],
            "metadata_options": [
              {
                "http_endpoint": "enabled",
                "http_put_response_hop_limit": 1,
                "http_tokens": "optional",
                "instance_metadata_tags": "disabled"
              }
            ],
            "monitoring": false,
            "network_interface": [],
            "outpost_arn": "",
            "password_data": "",
            "placement_group": "",
            "placement_partition_number": null,
            "primary_network_interface_id": "eni-02060b0779e2fc39e",
            "private_dns": "ip-10-0-2-35.ec2.internal",
            "private_dns_name_options": [
              {
                "enable_resource_name_dns_a_record": false,
                "enable_resource_name_dns_aaaa_record": false,
                "hostname_type": "ip-name"
              }
            ],
            "private_ip": "10.0.2.35",
            "public_dns": "ec2-44-205-19-40.compute-1.amazonaws.com",
            "public_ip": "44.205.19.40",
            "root_block_device": [
              {
                "delete_on_termination": true,
                "device_name": "/dev/sda1",
                "encrypted": false,
                "iops": 100,
                "kms_key_id": "",
                "tags": {},
                "throughput": 0,
                "volume_id": "vol-0e9059904545ebff3",
                "volume_size": 8,
                "volume_type": "gp2"
              }
            ],
            "secondary_private_ips": [],
            "security_groups": [],
            "source_dest_check": true,
            "subnet_id": "subnet-03081dc7285feac78",
            "tags": {
              "Name": "ACS-Jenkins"
            },
            "tags_all": {
              "Name": "ACS-Jenkins"
            },
            "tenancy": "default",
            "timeouts": null,
            "user_data": null,
            "user_data_base64": null,
            "user_data_replace_on_change": false,
            "volume_tags": null,
            "vpc_security_group_ids": [
              "sg-013cbc40e51c55c8e"
            ]
          },
          "sensitive_attributes": [],
          "private": "eyJlMmJmYjczMC1lY2FhLTExZTYtOGY4OC0zNDM2M2JjN2M0YzAiOnsiY3JlYXRlIjo2MDAwMDAwMDAwMDAsImRlbGV0ZSI6MTIwMDAwMDAwMDAwMCwidXBkYXRlIjo2MDAwMDAwMDAwMDB9LCJzY2hlbWFfdmVyc2lvbiI6IjEifQ==",
          "dependencies": [
            "module.VPC.aws_subnet.public",
            "module.VPC.aws_vpc.main",
            "module.VPC.data.aws_availability_zones.available",
            "module.security.aws_security_group.ACS"
          ]
        }
      ]
    },
    {
      "module": "module.compute",
      "mode": "managed",
      "type": "aws_instance",
      "name": "artifactory",
      "provider": "provider[\"registry.terraform.io/hashicorp/aws\"]",
      "instances": [
        {
          "schema_version": 1,
          "attributes": {
            "ami": "ami-0149b2da6ceec4bb0",
            "arn": "arn:aws:ec2:us-east-1:847322602513:instance/i-0da31e591cf8301ae",
            "associate_public_ip_address": true,
            "availability_zone": "us-east-1a",
            "capacity_reservation_specification": [
              {
                "capacity_reservation_preference": "open",
                "capacity_reservation_target": []
              }
            ],
            "cpu_core_count": 2,
            "cpu_threads_per_core": 1,
            "credit_specification": [
              {
                "cpu_credits": "standard"
              }
            ],
            "disable_api_stop": false,
            "disable_api_termination": false,
            "ebs_block_device": [],
            "ebs_optimized": false,
            "enclave_options": [
              {
                "enabled": false
              }
            ],
            "ephemeral_block_device": [],
            "get_password_data": false,
            "hibernation": false,
            "host_id": null,
            "host_resource_group_arn": null,
            "iam_instance_profile": "",
            "id": "i-0da31e591cf8301ae",
            "instance_initiated_shutdown_behavior": "stop",
            "instance_state": "running",
            "instance_type": "t2.medium",
            "ipv6_address_count": 0,
            "ipv6_addresses": [],
            "key_name": "pbl",
            "launch_template": [],
            "maintenance_options": [
              {
                "auto_recovery": "default"
              }
            ],
            "metadata_options": [
              {
                "http_endpoint": "enabled",
                "http_put_response_hop_limit": 1,
                "http_tokens": "optional",
                "instance_metadata_tags": "disabled"
              }
            ],
            "monitoring": false,
            "network_interface": [],
            "outpost_arn": "",
            "password_data": "",
            "placement_group": "",
            "placement_partition_number": null,
            "primary_network_interface_id": "eni-0728b7b14f213dd33",
            "private_dns": "ip-10-0-2-100.ec2.internal",
            "private_dns_name_options": [
              {
                "enable_resource_name_dns_a_record": false,
                "enable_resource_name_dns_aaaa_record": false,
                "hostname_type": "ip-name"
              }
            ],
            "private_ip": "10.0.2.100",
            "public_dns": "ec2-44-204-196-174.compute-1.amazonaws.com",
            "public_ip": "44.204.196.174",
            "root_block_device": [
              {
                "delete_on_termination": true,
                "device_name": "/dev/sda1",
                "encrypted": false,
                "iops": 100,
                "kms_key_id": "",
                "tags": {},
                "throughput": 0,
                "volume_id": "vol-0a06fc7a30216b144",
                "volume_size": 8,
                "volume_type": "gp2"
              }
            ],
            "secondary_private_ips": [],
            "security_groups": [],
            "source_dest_check": true,
            "subnet_id": "subnet-03081dc7285feac78",
            "tags": {
              "Name": "ACS-artifactory"
            },
            "tags_all": {
              "Name": "ACS-artifactory"
            },
            "tenancy": "default",
            "timeouts": null,
            "user_data": null,
            "user_data_base64": null,
            "user_data_replace_on_change": false,
            "volume_tags": null,
            "vpc_security_group_ids": [
              "sg-013cbc40e51c55c8e"
            ]
          },
          "sensitive_attributes": [],
          "private": "eyJlMmJmYjczMC1lY2FhLTExZTYtOGY4OC0zNDM2M2JjN2M0YzAiOnsiY3JlYXRlIjo2MDAwMDAwMDAwMDAsImRlbGV0ZSI6MTIwMDAwMDAwMDAwMCwidXBkYXRlIjo2MDAwMDAwMDAwMDB9LCJzY2hlbWFfdmVyc2lvbiI6IjEifQ==",
          "dependencies": [
            "module.VPC.aws_subnet.public",
            "module.VPC.aws_vpc.main",
            "module.VPC.data.aws_availability_zones.available",
            "module.security.aws_security_group.ACS"
          ]
        }
      ]
    },
    {
      "module": "module.compute",
      "mode": "managed",
      "type": "aws_instance",
      "name": "sonbarqube",
      "provider": "provider[\"registry.terraform.io/hashicorp/aws\"]",
      "instances": [
        {
          "schema_version": 1,
          "attributes": {
            "ami": "ami-0149b2da6ceec4bb0",
            "arn": "arn:aws:ec2:us-east-1:847322602513:instance/i-00bc4d6943f6ea53b",
            "associate_public_ip_address": true,
            "availability_zone": "us-east-1a",
            "capacity_reservation_specification": [
              {
                "capacity_reservation_preference": "open",
                "capacity_reservation_target": []
              }
            ],
            "cpu_core_count": 2,
            "cpu_threads_per_core": 1,
            "credit_specification": [
              {
                "cpu_credits": "standard"
              }
            ],
            "disable_api_stop": false,
            "disable_api_termination": false,
            "ebs_block_device": [],
            "ebs_optimized": false,
            "enclave_options": [
              {
                "enabled": false
              }
            ],
            "ephemeral_block_device": [],
            "get_password_data": false,
            "hibernation": false,
            "host_id": null,
            "host_resource_group_arn": null,
            "iam_instance_profile": "",
            "id": "i-00bc4d6943f6ea53b",
            "instance_initiated_shutdown_behavior": "stop",
            "instance_state": "running",
            "instance_type": "t2.medium",
            "ipv6_address_count": 0,
            "ipv6_addresses": [],
            "key_name": "pbl",
            "launch_template": [],
            "maintenance_options": [
              {
                "auto_recovery": "default"
              }
            ],
            "metadata_options": [
              {
                "http_endpoint": "enabled",
                "http_put_response_hop_limit": 1,
                "http_tokens": "optional",
                "instance_metadata_tags": "disabled"
              }
            ],
            "monitoring": false,
            "network_interface": [],
            "outpost_arn": "",
            "password_data": "",
            "placement_group": "",
            "placement_partition_number": null,
            "primary_network_interface_id": "eni-07df1b407a5dc8024",
            "private_dns": "ip-10-0-2-126.ec2.internal",
            "private_dns_name_options": [
              {
                "enable_resource_name_dns_a_record": false,
                "enable_resource_name_dns_aaaa_record": false,
                "hostname_type": "ip-name"
              }
            ],
            "private_ip": "10.0.2.126",
            "public_dns": "ec2-3-239-238-13.compute-1.amazonaws.com",
            "public_ip": "3.239.238.13",
            "root_block_device": [
              {
                "delete_on_termination": true,
                "device_name": "/dev/sda1",
                "encrypted": false,
                "iops": 100,
                "kms_key_id": "",
                "tags": {},
                "throughput": 0,
                "volume_id": "vol-04853dfe53963da8f",
                "volume_size": 8,
                "volume_type": "gp2"
              }
            ],
            "secondary_private_ips": [],
            "security_groups": [],
            "source_dest_check": true,
            "subnet_id": "subnet-03081dc7285feac78",
            "tags": {
              "Name": "ACS-sonbarqube"
            },
            "tags_all": {
              "Name": "ACS-sonbarqube"
            },
            "tenancy": "default",
            "timeouts": null,
            "user_data": null,
            "user_data_base64": null,
            "user_data_replace_on_change": false,
            "volume_tags": null,
            "vpc_security_group_ids": [
              "sg-013cbc40e51c55c8e"
            ]
          },
          "sensitive_attributes": [],
          "private": "eyJlMmJmYjczMC1lY2FhLTExZTYtOGY4OC0zNDM2M2JjN2M0YzAiOnsiY3JlYXRlIjo2MDAwMDAwMDAwMDAsImRlbGV0ZSI6MTIwMDAwMDAwMDAwMCwidXBkYXRlIjo2MDAwMDAwMDAwMDB9LCJzY2hlbWFfdmVyc2lvbiI6IjEifQ==",
          "dependencies": [
            "module.VPC.aws_subnet.public",
            "module.VPC.aws_vpc.main",
            "module.VPC.data.aws_availability_zones.available",
            "module.security.aws_security_group.ACS"
          ]
        }
      ]
    },
    {
      "module": "module.security",
      "mode": "managed",
      "type": "aws_security_group",
      "name": "ACS",
      "provider": "provider[\"registry.terraform.io/hashicorp/aws\"]",
      "instances": [
        {
          "index_key": "bastion-sg",
          "schema_version": 1,
          "attributes": {
            "arn": "arn:aws:ec2:us-east-1:847322602513:security-group/sg-0ba430d91e290da69",
            "description": "for bastion instances",
            "egress": [
              {
                "cidr_blocks": [
                  "0.0.0.0/0"
                ],
                "description": "",
                "from_port": 0,
                "ipv6_cidr_blocks": [],
                "prefix_list_ids": [],
                "protocol": "-1",
                "security_groups": [],
                "self": false,
                "to_port": 0
              }
            ],
            "id": "sg-0ba430d91e290da69",
            "ingress": [],
            "name": "bastion-sg",
            "name_prefix": "",
            "owner_id": "847322602513",
            "revoke_rules_on_delete": false,
            "tags": {
              "Name": "bastion-sg"
            },
            "tags_all": {
              "Name": "bastion-sg"
            },
            "timeouts": null,
            "vpc_id": "vpc-0604f8b4ac2e1dce7"
          },
          "sensitive_attributes": [],
          "private": "eyJlMmJmYjczMC1lY2FhLTExZTYtOGY4OC0zNDM2M2JjN2M0YzAiOnsiY3JlYXRlIjo2MDAwMDAwMDAwMDAsImRlbGV0ZSI6OTAwMDAwMDAwMDAwfSwic2NoZW1hX3ZlcnNpb24iOiIxIn0=",
          "dependencies": [
            "module.VPC.aws_vpc.main"
          ],
          "create_before_destroy": true
        },
        {
          "index_key": "datalayer-sg",
          "schema_version": 1,
          "attributes": {
            "arn": "arn:aws:ec2:us-east-1:847322602513:security-group/sg-03cb296de27e058c8",
            "description": "data layer security group",
            "egress": [
              {
                "cidr_blocks": [
                  "0.0.0.0/0"
                ],
                "description": "",
                "from_port": 0,
                "ipv6_cidr_blocks": [],
                "prefix_list_ids": [],
                "protocol": "-1",
                "security_groups": [],
                "self": false,
                "to_port": 0
              }
            ],
            "id": "sg-03cb296de27e058c8",
            "ingress": [],
            "name": "datalayer-sg",
            "name_prefix": "",
            "owner_id": "847322602513",
            "revoke_rules_on_delete": false,
            "tags": {
              "Name": "datalayer-sg"
            },
            "tags_all": {
              "Name": "datalayer-sg"
            },
            "timeouts": null,
            "vpc_id": "vpc-0604f8b4ac2e1dce7"
          },
          "sensitive_attributes": [],
          "private": "eyJlMmJmYjczMC1lY2FhLTExZTYtOGY4OC0zNDM2M2JjN2M0YzAiOnsiY3JlYXRlIjo2MDAwMDAwMDAwMDAsImRlbGV0ZSI6OTAwMDAwMDAwMDAwfSwic2NoZW1hX3ZlcnNpb24iOiIxIn0=",
          "dependencies": [
            "module.VPC.aws_vpc.main"
          ]
        },
        {
          "index_key": "ext-alb-sg",
          "schema_version": 1,
          "attributes": {
            "arn": "arn:aws:ec2:us-east-1:847322602513:security-group/sg-013cbc40e51c55c8e",
            "description": "for external loadbalncer",
            "egress": [
              {
                "cidr_blocks": [
                  "0.0.0.0/0"
                ],
                "description": "",
                "from_port": 0,
                "ipv6_cidr_blocks": [],
                "prefix_list_ids": [],
                "protocol": "-1",
                "security_groups": [],
                "self": false,
                "to_port": 0
              }
            ],
            "id": "sg-013cbc40e51c55c8e",
            "ingress": [],
            "name": "ext-alb-sg",
            "name_prefix": "",
            "owner_id": "847322602513",
            "revoke_rules_on_delete": false,
            "tags": {
              "Name": "ext-alb-sg"
            },
            "tags_all": {
              "Name": "ext-alb-sg"
            },
            "timeouts": null,
            "vpc_id": "vpc-0604f8b4ac2e1dce7"
          },
          "sensitive_attributes": [],
          "private": "eyJlMmJmYjczMC1lY2FhLTExZTYtOGY4OC0zNDM2M2JjN2M0YzAiOnsiY3JlYXRlIjo2MDAwMDAwMDAwMDAsImRlbGV0ZSI6OTAwMDAwMDAwMDAwfSwic2NoZW1hX3ZlcnNpb24iOiIxIn0=",
          "dependencies": [
            "module.VPC.aws_vpc.main"
          ]
        },
        {
          "index_key": "int-alb-sg",
          "schema_version": 1,
          "attributes": {
            "arn": "arn:aws:ec2:us-east-1:847322602513:security-group/sg-0196c69eda4717a54",
            "description": "IALB security group",
            "egress": [
              {
                "cidr_blocks": [
                  "0.0.0.0/0"
                ],
                "description": "",
                "from_port": 0,
                "ipv6_cidr_blocks": [],
                "prefix_list_ids": [],
                "protocol": "-1",
                "security_groups": [],
                "self": false,
                "to_port": 0
              }
            ],
            "id": "sg-0196c69eda4717a54",
            "ingress": [],
            "name": "int-alb-sg",
            "name_prefix": "",
            "owner_id": "847322602513",
            "revoke_rules_on_delete": false,
            "tags": {
              "Name": "int-alb-sg"
            },
            "tags_all": {
              "Name": "int-alb-sg"
            },
            "timeouts": null,
            "vpc_id": "vpc-0604f8b4ac2e1dce7"
          },
          "sensitive_attributes": [],
          "private": "eyJlMmJmYjczMC1lY2FhLTExZTYtOGY4OC0zNDM2M2JjN2M0YzAiOnsiY3JlYXRlIjo2MDAwMDAwMDAwMDAsImRlbGV0ZSI6OTAwMDAwMDAwMDAwfSwic2NoZW1hX3ZlcnNpb24iOiIxIn0=",
          "dependencies": [
            "module.VPC.aws_vpc.main"
          ]
        },
        {
          "index_key": "nginx-sg",
          "schema_version": 1,
          "attributes": {
            "arn": "arn:aws:ec2:us-east-1:847322602513:security-group/sg-0436036d1a5d29926",
            "description": "nginx instances",
            "egress": [
              {
                "cidr_blocks": [
                  "0.0.0.0/0"
                ],
                "description": "",
                "from_port": 0,
                "ipv6_cidr_blocks": [],
                "prefix_list_ids": [],
                "protocol": "-1",
                "security_groups": [],
                "self": false,
                "to_port": 0
              }
            ],
            "id": "sg-0436036d1a5d29926",
            "ingress": [],
            "name": "nginx-sg",
            "name_prefix": "",
            "owner_id": "847322602513",
            "revoke_rules_on_delete": false,
            "tags": {
              "Name": "nginx-sg"
            },
            "tags_all": {
              "Name": "nginx-sg"
            },
            "timeouts": null,
            "vpc_id": "vpc-0604f8b4ac2e1dce7"
          },
          "sensitive_attributes": [],
          "private": "eyJlMmJmYjczMC1lY2FhLTExZTYtOGY4OC0zNDM2M2JjN2M0YzAiOnsiY3JlYXRlIjo2MDAwMDAwMDAwMDAsImRlbGV0ZSI6OTAwMDAwMDAwMDAwfSwic2NoZW1hX3ZlcnNpb24iOiIxIn0=",
          "dependencies": [
            "module.VPC.aws_vpc.main"
          ],
          "create_before_destroy": true
        },
        {
          "index_key": "webserver-sg",
          "schema_version": 1,
          "attributes": {
            "arn": "arn:aws:ec2:us-east-1:847322602513:security-group/sg-03831ed42d2cd2d33",
            "description": "webservers security group",
            "egress": [
              {
                "cidr_blocks": [
                  "0.0.0.0/0"
                ],
                "description": "",
                "from_port": 0,
                "ipv6_cidr_blocks": [],
                "prefix_list_ids": [],
                "protocol": "-1",
                "security_groups": [],
                "self": false,
                "to_port": 0
              }
            ],
            "id": "sg-03831ed42d2cd2d33",
            "ingress": [],
            "name": "webserver-sg",
            "name_prefix": "",
            "owner_id": "847322602513",
            "revoke_rules_on_delete": false,
            "tags": {
              "Name": "webserver-sg"
            },
            "tags_all": {
              "Name": "webserver-sg"
            },
            "timeouts": null,
            "vpc_id": "vpc-0604f8b4ac2e1dce7"
          },
          "sensitive_attributes": [],
          "private": "eyJlMmJmYjczMC1lY2FhLTExZTYtOGY4OC0zNDM2M2JjN2M0YzAiOnsiY3JlYXRlIjo2MDAwMDAwMDAwMDAsImRlbGV0ZSI6OTAwMDAwMDAwMDAwfSwic2NoZW1hX3ZlcnNpb24iOiIxIn0=",
          "dependencies": [
            "module.VPC.aws_vpc.main"
          ],
          "create_before_destroy": true
        }
      ]
    },
    {
      "module": "module.security",
      "mode": "managed",
      "type": "aws_security_group_rule",
      "name": "inbound-alb-http",
      "provider": "provider[\"registry.terraform.io/hashicorp/aws\"]",
      "instances": [
        {
          "schema_version": 2,
          "attributes": {
            "cidr_blocks": [
              "0.0.0.0/0"
            ],
            "description": null,
            "from_port": 80,
            "id": "sgrule-2997065894",
            "ipv6_cidr_blocks": null,
            "prefix_list_ids": null,
            "protocol": "tcp",
            "security_group_id": "sg-013cbc40e51c55c8e",
            "security_group_rule_id": "sgr-0bb92faeebe65a162",
            "self": false,
            "source_security_group_id": null,
            "timeouts": null,
            "to_port": 80,
            "type": "ingress"
          },
          "sensitive_attributes": [],
          "private": "eyJlMmJmYjczMC1lY2FhLTExZTYtOGY4OC0zNDM2M2JjN2M0YzAiOnsiY3JlYXRlIjozMDAwMDAwMDAwMDB9LCJzY2hlbWFfdmVyc2lvbiI6IjIifQ==",
          "dependencies": [
            "module.VPC.aws_vpc.main",
            "module.security.aws_security_group.ACS"
          ]
        }
      ]
    },
    {
      "module": "module.security",
      "mode": "managed",
      "type": "aws_security_group_rule",
      "name": "inbound-alb-https",
      "provider": "provider[\"registry.terraform.io/hashicorp/aws\"]",
      "instances": [
        {
          "schema_version": 2,
          "attributes": {
            "cidr_blocks": [
              "0.0.0.0/0"
            ],
            "description": null,
            "from_port": 443,
            "id": "sgrule-2695549000",
            "ipv6_cidr_blocks": null,
            "prefix_list_ids": null,
            "protocol": "tcp",
            "security_group_id": "sg-013cbc40e51c55c8e",
            "security_group_rule_id": "sgr-06012c1d254aea36c",
            "self": false,
            "source_security_group_id": null,
            "timeouts": null,
            "to_port": 443,
            "type": "ingress"
          },
          "sensitive_attributes": [],
          "private": "eyJlMmJmYjczMC1lY2FhLTExZTYtOGY4OC0zNDM2M2JjN2M0YzAiOnsiY3JlYXRlIjozMDAwMDAwMDAwMDB9LCJzY2hlbWFfdmVyc2lvbiI6IjIifQ==",
          "dependencies": [
            "module.VPC.aws_vpc.main",
            "module.security.aws_security_group.ACS"
          ]
        }
      ]
    },
    {
      "module": "module.security",
      "mode": "managed",
      "type": "aws_security_group_rule",
      "name": "inbound-bastion-ssh",
      "provider": "provider[\"registry.terraform.io/hashicorp/aws\"]",
      "instances": [
        {
          "schema_version": 2,
          "attributes": {
            "cidr_blocks": null,
            "description": null,
            "from_port": 22,
            "id": "sgrule-4263470787",
            "ipv6_cidr_blocks": null,
            "prefix_list_ids": null,
            "protocol": "tcp",
            "security_group_id": "sg-0436036d1a5d29926",
            "security_group_rule_id": "sgr-0ff5468c47d733e82",
            "self": false,
            "source_security_group_id": "sg-0ba430d91e290da69",
            "timeouts": null,
            "to_port": 22,
            "type": "ingress"
          },
          "sensitive_attributes": [],
          "private": "eyJlMmJmYjczMC1lY2FhLTExZTYtOGY4OC0zNDM2M2JjN2M0YzAiOnsiY3JlYXRlIjozMDAwMDAwMDAwMDB9LCJzY2hlbWFfdmVyc2lvbiI6IjIifQ==",
          "dependencies": [
            "module.VPC.aws_vpc.main",
            "module.security.aws_security_group.ACS"
          ]
        }
      ]
    },
    {
      "module": "module.security",
      "mode": "managed",
      "type": "aws_security_group_rule",
      "name": "inbound-ialb-https",
      "provider": "provider[\"registry.terraform.io/hashicorp/aws\"]",
      "instances": [
        {
          "schema_version": 2,
          "attributes": {
            "cidr_blocks": null,
            "description": null,
            "from_port": 443,
            "id": "sgrule-2700861550",
            "ipv6_cidr_blocks": null,
            "prefix_list_ids": null,
            "protocol": "tcp",
            "security_group_id": "sg-0196c69eda4717a54",
            "security_group_rule_id": "sgr-0177e2d460638e3f0",
            "self": false,
            "source_security_group_id": "sg-0436036d1a5d29926",
            "timeouts": null,
            "to_port": 443,
            "type": "ingress"
          },
          "sensitive_attributes": [],
          "private": "eyJlMmJmYjczMC1lY2FhLTExZTYtOGY4OC0zNDM2M2JjN2M0YzAiOnsiY3JlYXRlIjozMDAwMDAwMDAwMDB9LCJzY2hlbWFfdmVyc2lvbiI6IjIifQ==",
          "dependencies": [
            "module.VPC.aws_vpc.main",
            "module.security.aws_security_group.ACS"
          ]
        }
      ]
    },
    {
      "module": "module.security",
      "mode": "managed",
      "type": "aws_security_group_rule",
      "name": "inbound-mysql-bastion",
      "provider": "provider[\"registry.terraform.io/hashicorp/aws\"]",
      "instances": [
        {
          "schema_version": 2,
          "attributes": {
            "cidr_blocks": null,
            "description": null,
            "from_port": 3306,
            "id": "sgrule-4235087907",
            "ipv6_cidr_blocks": null,
            "prefix_list_ids": null,
            "protocol": "tcp",
            "security_group_id": "sg-03cb296de27e058c8",
            "security_group_rule_id": "sgr-0a7d7f4d18edac42d",
            "self": false,
            "source_security_group_id": "sg-0ba430d91e290da69",
            "timeouts": null,
            "to_port": 3306,
            "type": "ingress"
          },
          "sensitive_attributes": [],
          "private": "eyJlMmJmYjczMC1lY2FhLTExZTYtOGY4OC0zNDM2M2JjN2M0YzAiOnsiY3JlYXRlIjozMDAwMDAwMDAwMDB9LCJzY2hlbWFfdmVyc2lvbiI6IjIifQ==",
          "dependencies": [
            "module.VPC.aws_vpc.main",
            "module.security.aws_security_group.ACS"
          ]
        }
      ]
    },
    {
      "module": "module.security",
      "mode": "managed",
      "type": "aws_security_group_rule",
      "name": "inbound-mysql-webserver",
      "provider": "provider[\"registry.terraform.io/hashicorp/aws\"]",
      "instances": [
        {
          "schema_version": 2,
          "attributes": {
            "cidr_blocks": null,
            "description": null,
            "from_port": 3306,
            "id": "sgrule-2313773567",
            "ipv6_cidr_blocks": null,
            "prefix_list_ids": null,
            "protocol": "tcp",
            "security_group_id": "sg-03cb296de27e058c8",
            "security_group_rule_id": "sgr-0f43a5c7594c7ab21",
            "self": false,
            "source_security_group_id": "sg-03831ed42d2cd2d33",
            "timeouts": null,
            "to_port": 3306,
            "type": "ingress"
          },
          "sensitive_attributes": [],
          "private": "eyJlMmJmYjczMC1lY2FhLTExZTYtOGY4OC0zNDM2M2JjN2M0YzAiOnsiY3JlYXRlIjozMDAwMDAwMDAwMDB9LCJzY2hlbWFfdmVyc2lvbiI6IjIifQ==",
          "dependencies": [
            "module.VPC.aws_vpc.main",
            "module.security.aws_security_group.ACS"
          ]
        }
      ]
    },
    {
      "module": "module.security",
      "mode": "managed",
      "type": "aws_security_group_rule",
      "name": "inbound-nfs-port",
      "provider": "provider[\"registry.terraform.io/hashicorp/aws\"]",
      "instances": [
        {
          "schema_version": 2,
          "attributes": {
            "cidr_blocks": null,
            "description": null,
            "from_port": 2049,
            "id": "sgrule-439349621",
            "ipv6_cidr_blocks": null,
            "prefix_list_ids": null,
            "protocol": "tcp",
            "security_group_id": "sg-03cb296de27e058c8",
            "security_group_rule_id": "sgr-0f3ea381b0e3c01e8",
            "self": false,
            "source_security_group_id": "sg-03831ed42d2cd2d33",
            "timeouts": null,
            "to_port": 2049,
            "type": "ingress"
          },
          "sensitive_attributes": [],
          "private": "eyJlMmJmYjczMC1lY2FhLTExZTYtOGY4OC0zNDM2M2JjN2M0YzAiOnsiY3JlYXRlIjozMDAwMDAwMDAwMDB9LCJzY2hlbWFfdmVyc2lvbiI6IjIifQ==",
          "dependencies": [
            "module.VPC.aws_vpc.main",
            "module.security.aws_security_group.ACS"
          ]
        }
      ]
    },
    {
      "module": "module.security",
      "mode": "managed",
      "type": "aws_security_group_rule",
      "name": "inbound-nginx-http",
      "provider": "provider[\"registry.terraform.io/hashicorp/aws\"]",
      "instances": [
        {
          "schema_version": 2,
          "attributes": {
            "cidr_blocks": null,
            "description": null,
            "from_port": 443,
            "id": "sgrule-2936960368",
            "ipv6_cidr_blocks": null,
            "prefix_list_ids": null,
            "protocol": "tcp",
            "security_group_id": "sg-0436036d1a5d29926",
            "security_group_rule_id": "sgr-0c06ed5b5952468c6",
            "self": false,
            "source_security_group_id": "sg-013cbc40e51c55c8e",
            "timeouts": null,
            "to_port": 443,
            "type": "ingress"
          },
          "sensitive_attributes": [],
          "private": "eyJlMmJmYjczMC1lY2FhLTExZTYtOGY4OC0zNDM2M2JjN2M0YzAiOnsiY3JlYXRlIjozMDAwMDAwMDAwMDB9LCJzY2hlbWFfdmVyc2lvbiI6IjIifQ==",
          "dependencies": [
            "module.VPC.aws_vpc.main",
            "module.security.aws_security_group.ACS"
          ]
        }
      ]
    },
    {
      "module": "module.security",
      "mode": "managed",
      "type": "aws_security_group_rule",
      "name": "inbound-ssh-bastion",
      "provider": "provider[\"registry.terraform.io/hashicorp/aws\"]",
      "instances": [
        {
          "schema_version": 2,
          "attributes": {
            "cidr_blocks": [
              "0.0.0.0/0"
            ],
            "description": null,
            "from_port": 22,
            "id": "sgrule-3245068784",
            "ipv6_cidr_blocks": null,
            "prefix_list_ids": null,
            "protocol": "tcp",
            "security_group_id": "sg-0ba430d91e290da69",
            "security_group_rule_id": "sgr-0bc8d5a4087fea3b0",
            "self": false,
            "source_security_group_id": null,
            "timeouts": null,
            "to_port": 22,
            "type": "ingress"
          },
          "sensitive_attributes": [],
          "private": "eyJlMmJmYjczMC1lY2FhLTExZTYtOGY4OC0zNDM2M2JjN2M0YzAiOnsiY3JlYXRlIjozMDAwMDAwMDAwMDB9LCJzY2hlbWFfdmVyc2lvbiI6IjIifQ==",
          "dependencies": [
            "module.VPC.aws_vpc.main",
            "module.security.aws_security_group.ACS"
          ]
        }
      ]
    },
    {
      "module": "module.security",
      "mode": "managed",
      "type": "aws_security_group_rule",
      "name": "inbound-web-https",
      "provider": "provider[\"registry.terraform.io/hashicorp/aws\"]",
      "instances": [
        {
          "schema_version": 2,
          "attributes": {
            "cidr_blocks": null,
            "description": null,
            "from_port": 443,
            "id": "sgrule-1238656795",
            "ipv6_cidr_blocks": null,
            "prefix_list_ids": null,
            "protocol": "tcp",
            "security_group_id": "sg-03831ed42d2cd2d33",
            "security_group_rule_id": "sgr-05082569a7e9ccf1a",
            "self": false,
            "source_security_group_id": "sg-0196c69eda4717a54",
            "timeouts": null,
            "to_port": 443,
            "type": "ingress"
          },
          "sensitive_attributes": [],
          "private": "eyJlMmJmYjczMC1lY2FhLTExZTYtOGY4OC0zNDM2M2JjN2M0YzAiOnsiY3JlYXRlIjozMDAwMDAwMDAwMDB9LCJzY2hlbWFfdmVyc2lvbiI6IjIifQ==",
          "dependencies": [
            "module.VPC.aws_vpc.main",
            "module.security.aws_security_group.ACS"
          ]
        }
      ]
    },
    {
      "module": "module.security",
      "mode": "managed",
      "type": "aws_security_group_rule",
      "name": "inbound-web-ssh",
      "provider": "provider[\"registry.terraform.io/hashicorp/aws\"]",
      "instances": [
        {
          "schema_version": 2,
          "attributes": {
            "cidr_blocks": null,
            "description": null,
            "from_port": 22,
            "id": "sgrule-152970738",
            "ipv6_cidr_blocks": null,
            "prefix_list_ids": null,
            "protocol": "tcp",
            "security_group_id": "sg-03831ed42d2cd2d33",
            "security_group_rule_id": "sgr-0d5b8198d536375c2",
            "self": false,
            "source_security_group_id": "sg-0ba430d91e290da69",
            "timeouts": null,
            "to_port": 22,
            "type": "ingress"
          },
          "sensitive_attributes": [],
          "private": "eyJlMmJmYjczMC1lY2FhLTExZTYtOGY4OC0zNDM2M2JjN2M0YzAiOnsiY3JlYXRlIjozMDAwMDAwMDAwMDB9LCJzY2hlbWFfdmVyc2lvbiI6IjIifQ==",
          "dependencies": [
            "module.VPC.aws_vpc.main",
            "module.security.aws_security_group.ACS"
          ]
        }
      ]
    }
  ],
  "check_results": null
}
